// !$*UTF8*$!
{
	archiveVersion = 1;
	classes = {
	};
	objectVersion = 46;
	objects = {

/* Begin PBXBuildFile section */
		01BF0B333D8C4F48F50F1E3CDA699A0C /* RecoveryStore.swift in Sources */ = {isa = PBXBuildFile; fileRef = 98789248CAA791C22650FA1C0EEBEC5B /* RecoveryStore.swift */; };
		023AE93FA79C656421B94B7B55A50A82 /* AppleTranslation.swift in Sources */ = {isa = PBXBuildFile; fileRef = 8D66AE05D8DF7BC098D6E9C2D5E011B1 /* AppleTranslation.swift */; };
		02DCE9A19299B09707500F585C77EE60 /* Assets.xcassets in Resources */ = {isa = PBXBuildFile; fileRef = 7AA9911B07F4E6CED4A433E96E404C68 /* Assets.xcassets */; };
		0AEFA0750F08170E1EAC2F603705D103 /* NLLBTranslation.swift in Sources */ = {isa = PBXBuildFile; fileRef = B30C399B365B7E9F4B73C5FD40887085 /* NLLBTranslation.swift */; };
		0AF0A833AA656544C69FA0FBAF3B82F2 /* AudioPipeline.swift in Sources */ = {isa = PBXBuildFile; fileRef = 4C918EB3139BB9D4CF15C29AFA6AA02A /* AudioPipeline.swift */; };
		0D4889CC689B18AC3CDB63768BB687F3 /* TranscriptEditingView.swift in Sources */ = {isa = PBXBuildFile; fileRef = 2A6F543E675DD03FE3C6AF84B20DB863 /* TranscriptEditingView.swift */; };
		140BD806EBF1DFF76AC6400E7AF6611B /* StreamingTextAnimatorTests.swift in Sources */ = {isa = PBXBuildFile; fileRef = 5DD4E932F6FC900CE0C7D9D9C25A2366 /* StreamingTextAnimatorTests.swift */; };
		14160AC5385A1D9E7716791F5B22FF92 /* StartView.swift in Sources */ = {isa = PBXBuildFile; fileRef = 89A440627B8120DCD3A3353AB68C9845 /* StartView.swift */; };
		14E90D0A80EFED4CA09D66F816FA26E5 /* GemmaRuntime in Resources */ = {isa = PBXBuildFile; fileRef = A9921CBFF157B30271EF31EDA4D7FB4D /* GemmaRuntime */; };
		186C49F54581716AA14F8C4E50B90542 /* SettingsView.swift in Sources */ = {isa = PBXBuildFile; fileRef = E9B76413344205D9BA1A5B135AF2A12B /* SettingsView.swift */; };
		1E489B7AA3DDE23BEFFCD2FA161D5EEF /* SherpaOnnxEngine.swift in Sources */ = {isa = PBXBuildFile; fileRef = 5CF09C80F2C421A71D1F2DC9FB9A453F /* SherpaOnnxEngine.swift */; };
		1EEF691916CD78EEB20E09A90C5554E9 /* ApplicationMenuLocalizer.swift in Sources */ = {isa = PBXBuildFile; fileRef = 1250E91219539F4743FBDA630BBB3EF2 /* ApplicationMenuLocalizer.swift */; };
		1F979B965131646438B4EC8AF267DD09 /* Translation.framework in Frameworks */ = {isa = PBXBuildFile; fileRef = D5C4A38CA0EEA022D164B8D57909AD2A /* Translation.framework */; };
		2A44A7BDC9BFCBE2BB99617BACD21A67 /* SpeechModelStore.swift in Sources */ = {isa = PBXBuildFile; fileRef = F8907A33046175EF6C2BF8E5C055E23B /* SpeechModelStore.swift */; };
		2ADC85F0FE0F4AA84AB36DDCB08F78B7 /* RealtimeAudioSourceTests.swift in Sources */ = {isa = PBXBuildFile; fileRef = 8F4958C9C9E42061AA87DBEF5A560552 /* RealtimeAudioSourceTests.swift */; };
		2B6145F161480E7F47B65FC2246A86D9 /* InterfaceStyles.swift in Sources */ = {isa = PBXBuildFile; fileRef = 435983761F81AFCB9C82BAC61F4DF905 /* InterfaceStyles.swift */; };
		2BBD8D22B054779376160DFCBEF033D7 /* StreamingText.swift in Sources */ = {isa = PBXBuildFile; fileRef = 1A5D7FCDA379C2164280E489201B6570 /* StreamingText.swift */; };
		2D71FC9BE85B41F992C435B3656D9408 /* NLLBTranslator in Resources */ = {isa = PBXBuildFile; fileRef = 5AB0381BF434F87C3D57269054F2DBF4 /* NLLBTranslator */; };
		2D7868397A55D5B762D79F0E59801230 /* PermissionCenter.swift in Sources */ = {isa = PBXBuildFile; fileRef = 3F3494BEE84E15B7BCD6B126FCB7EA57 /* PermissionCenter.swift */; };
		3379A11DEC1E47A86A1E6DDC4049C2B5 /* Speech.framework in Frameworks */ = {isa = PBXBuildFile; fileRef = E02A733B128761FF2E51EC4F856116C9 /* Speech.framework */; };
		395C0B2FE402D08F7F6B354F23ADD7B9 /* TranslationStructureTests.swift in Sources */ = {isa = PBXBuildFile; fileRef = CD11083341F3A80C018D1AE9C35F664F /* TranslationStructureTests.swift */; };
		3DFF8299F232E4D464741C32CADF2248 /* TranscriptionView.swift in Sources */ = {isa = PBXBuildFile; fileRef = 5C1F98B7D1C4B08342B452B85CC8D6A4 /* TranscriptionView.swift */; };
		3F581EE0DE59A6A50F61669F19324A02 /* LocalizationTests.swift in Sources */ = {isa = PBXBuildFile; fileRef = 8B6D90639AF3491AFF4D2B426F25A949 /* LocalizationTests.swift */; };
		42FC5B90BDD4791D5654EC25C03FD784 /* RootView.swift in Sources */ = {isa = PBXBuildFile; fileRef = F04663B9F8E2C809301366D85E5510EB /* RootView.swift */; };
		4348AB55600629C3D10AEC564E96B82A /* GemmaSafetyTests.swift in Sources */ = {isa = PBXBuildFile; fileRef = 43F662EE17BBE4A9B9C6AFFE16F384F3 /* GemmaSafetyTests.swift */; };
		43C651165C407E050AB05194891C32A2 /* AIPromptEditorView.swift in Sources */ = {isa = PBXBuildFile; fileRef = 03A9E658C7859B043E9F7AA00FDA2913 /* AIPromptEditorView.swift */; };
		49AE26487B325A6CF33A6ED1DDE4B6F6 /* LongTaskStorage.swift in Sources */ = {isa = PBXBuildFile; fileRef = CDC70B161DD621E5EE96E6500A8D6481 /* LongTaskStorage.swift */; };
		4C7CA1A041294889A94A985FDABDBA49 /* LongTaskStorageTests.swift in Sources */ = {isa = PBXBuildFile; fileRef = 6C03B285E82C5F4744966AE3D78E72BC /* LongTaskStorageTests.swift */; };
		558ABF7D2A64A04E33005E2D95BAD0E7 /* AppPresentationPreferences.swift in Sources */ = {isa = PBXBuildFile; fileRef = 69CD6356BB64D1D35E81E0AC4CB5CE4D /* AppPresentationPreferences.swift */; };
		56818DE13DD6F20FE3A9B8F0012C7231 /* TranscriptionLifecycleTests.swift in Sources */ = {isa = PBXBuildFile; fileRef = C301484DEE281AA4B932D4C494010FE0 /* TranscriptionLifecycleTests.swift */; };
		5ECD34E6D4B349071FFF487249DA95A9 /* Accelerate.framework in Frameworks */ = {isa = PBXBuildFile; fileRef = 0EAFB7B1A3C7029C74E14F560E6CFCE0 /* Accelerate.framework */; };
		68BD5C3FBB89A6BAD772A2202FAB9A06 /* TranscriptImportAndEditingTests.swift in Sources */ = {isa = PBXBuildFile; fileRef = 0DA27E00A9CDAE79B32C0037FE977BAB /* TranscriptImportAndEditingTests.swift */; };
		6E9BB62EB05026B9A8986A3EA826EB06 /* Localization.swift in Sources */ = {isa = PBXBuildFile; fileRef = 3973CD1EDCBFCB27EE9353A6480373D6 /* Localization.swift */; };
		7561AC27F4B65D0889AD6120D1692BC5 /* Localizable.strings in Resources */ = {isa = PBXBuildFile; fileRef = AE3A5F38868078710DD659D0755FCB47 /* Localizable.strings */; };
		77FA567A6BF36C3D60FCC23767E9E77E /* NLLBModelManager.swift in Sources */ = {isa = PBXBuildFile; fileRef = 400B39B7396CA00FEB2377C1431F4554 /* NLLBModelManager.swift */; };
		800097D08439F8F8B874DB8BBD20B664 /* AIPrompts in Resources */ = {isa = PBXBuildFile; fileRef = 930041E76EC67FF8A2C9E46F8E1B1E01 /* AIPrompts */; };
		81234F01793010BDE96A22BBE85B29A3 /* LiveCaptionPanelView.swift in Sources */ = {isa = PBXBuildFile; fileRef = FAE26900BA3D9E7912BD571701AC9AE8 /* LiveCaptionPanelView.swift */; };
		862FFF15012E01BBBE2962CA1768F069 /* AppStoragePaths.swift in Sources */ = {isa = PBXBuildFile; fileRef = DA460D4748EF4BA9073316D24F0CA654 /* AppStoragePaths.swift */; };
		89CE6F2B818C76CEFAEBD9BF909A0115 /* WhisperModelManager.swift in Sources */ = {isa = PBXBuildFile; fileRef = 13A71C13ED25763DBB471562C32ADED6 /* WhisperModelManager.swift */; };
		8A310F1303B2C6A95D4D27DB5F7F2689 /* WhisperEngine.swift in Sources */ = {isa = PBXBuildFile; fileRef = 84938995D8AC9DD7CCFB487DEB805127 /* WhisperEngine.swift */; };
		8C5E1E1A0EA3BCD01920546D8CD83E68 /* Cocoa.framework in Frameworks */ = {isa = PBXBuildFile; fileRef = 6DA622EF83ED8D29F9D99739EFA28B7E /* Cocoa.framework */; };
		8C926C34731D2E8B228D2D149530B49D /* AVFoundation.framework in Frameworks */ = {isa = PBXBuildFile; fileRef = CA64838733DE1E998C8BF7283ECD80E5 /* AVFoundation.framework */; };
		900B55578696E97E3FFB88EB0E98DC09 /* CoreText.framework in Frameworks */ = {isa = PBXBuildFile; fileRef = 1F82535967EFFA960F6DBA4F03EC7787 /* CoreText.framework */; };
		98036E0DF937108175BA013223DE8819 /* TranscriptImport.swift in Sources */ = {isa = PBXBuildFile; fileRef = A9012CD9C0CFC49B8ABF1273C50D524D /* TranscriptImport.swift */; };
		99E2675202BF34250334AAF5547D46E1 /* AppInfo.swift in Sources */ = {isa = PBXBuildFile; fileRef = 4A8BF8A213CF791B25C9F5668A3A14F3 /* AppInfo.swift */; };
		9CCAD1464A0AEB4105FBAD2676E1CEDA /* TranscriptionModels.swift in Sources */ = {isa = PBXBuildFile; fileRef = FF8492BABB022041E6054920595F83AA /* TranscriptionModels.swift */; };
		9D501CB2E3657557B57D16A21BF24AC4 /* CLIController.swift in Sources */ = {isa = PBXBuildFile; fileRef = 8B1EBF7F162C315E5B55EC261537A066 /* CLIController.swift */; };
		9DE5FE069A75FE11DE4AE0854FF2F89E /* RealtimeAudioCapture.swift in Sources */ = {isa = PBXBuildFile; fileRef = 7C9B8A8AB2F518FACAC2E2D6D2164752 /* RealtimeAudioCapture.swift */; };
		A2805179677F27E3543EDABD843854F2 /* AppUpdateControllerTests.swift in Sources */ = {isa = PBXBuildFile; fileRef = 0903DE27D35DA4586FC9F9A47C90A698 /* AppUpdateControllerTests.swift */; };
		AC2BAA74CDFEAF405628779ADCB584E0 /* SherpaOnnx in Resources */ = {isa = PBXBuildFile; fileRef = A3F2EA0FE07D3F64A4421AA773AE9FD0 /* SherpaOnnx */; };
		B3D34E2B017EA1919BAA57D0782127D4 /* Cocoa.framework in Frameworks */ = {isa = PBXBuildFile; fileRef = 6DA622EF83ED8D29F9D99739EFA28B7E /* Cocoa.framework */; };
		BCCF0A19C170FB9B06A520311E81CA3B /* WhisperPipelineTests.swift in Sources */ = {isa = PBXBuildFile; fileRef = 56AFAB44D3FC66A9595FBAE632C29A78 /* WhisperPipelineTests.swift */; };
		BDE60A1031FF42A6087CE6B416F73D8A /* Metal.framework in Frameworks */ = {isa = PBXBuildFile; fileRef = 4CCAEA4B287EC851F9FB2932B7DA845B /* Metal.framework */; };
		C2A34498552AC7A688B3A21EC4476EE3 /* libWhisperMetal.a in Frameworks */ = {isa = PBXBuildFile; fileRef = B81CBDFFA6990D10BC8723695A417688 /* libWhisperMetal.a */; };
		C86BE48B981870160E8B128835A46918 /* ScreenCaptureKit.framework in Frameworks */ = {isa = PBXBuildFile; fileRef = 75AD11BA58FD0E19A88B2B22FF04395D /* ScreenCaptureKit.framework */; };
		D08EF9019F83BBCD95D61B23B84ADE75 /* InfoPlist.strings in Resources */ = {isa = PBXBuildFile; fileRef = A37B969B226496AC6DEFAD2B6DBD6CF9 /* InfoPlist.strings */; };
		D2ADCF70B257254BEEB0B491372E3810 /* ExportService.swift in Sources */ = {isa = PBXBuildFile; fileRef = 73C9165A93DDBEB058F414FF7C49859B /* ExportService.swift */; };
		DC2D07999044944314EB824F39F125BA /* LocalScribeApp.swift in Sources */ = {isa = PBXBuildFile; fileRef = 34709D4ABB0BE4045868CC850B6777CE /* LocalScribeApp.swift */; };
		DCDF67B1673EB016191AFA8DCDE32483 /* GemmaModelManager.swift in Sources */ = {isa = PBXBuildFile; fileRef = E28E35BBB27508D6DC773B4469F17A4B /* GemmaModelManager.swift */; };
		DF5829005938EED8C65185214C481FD2 /* AudioInputDeviceRepository.swift in Sources */ = {isa = PBXBuildFile; fileRef = 9737135DDAAA4BAB3601AC0AC4E0A807 /* AudioInputDeviceRepository.swift */; };
		E3131FB0E8B608EB9FAA52F93D42A677 /* AIPromptPreferences.swift in Sources */ = {isa = PBXBuildFile; fileRef = BF5FEF0F4F72749C474CAC040E4FE586 /* AIPromptPreferences.swift */; };
		EBA45D96442E96D2B200BA696234EA92 /* AppUpdateController.swift in Sources */ = {isa = PBXBuildFile; fileRef = 0756FD05330B9933F5255061654C72EE /* AppUpdateController.swift */; };
		EC70D442429504DB06B230F4B6395133 /* LiveCaptionController.swift in Sources */ = {isa = PBXBuildFile; fileRef = 73E8CA93798EDF743AE20FDEB49C1EB7 /* LiveCaptionController.swift */; };
		F1BE8041344D64DBD57C5D94A0EC6860 /* LanguageCatalog.swift in Sources */ = {isa = PBXBuildFile; fileRef = AEDC80BD595043CDCEF02E564E421DED /* LanguageCatalog.swift */; };
		F5BC390F8CBA8CFA9F556DC7972FF365 /* RealtimeAudioSource.swift in Sources */ = {isa = PBXBuildFile; fileRef = 110F3010CF046BC059FAE3D036F96F3C /* RealtimeAudioSource.swift */; };
		F64636BFF860BCC091224DFEC0AB2B49 /* TranscriptionSessionModel.swift in Sources */ = {isa = PBXBuildFile; fileRef = 4AAC14289D6492857F1D3AF3E0A19D38 /* TranscriptionSessionModel.swift */; };
		FDB5C75843A752CDC736BB869E42CBF5 /* WhisperVAD in Resources */ = {isa = PBXBuildFile; fileRef = EE38FACD29BF78A1D4ED2F1DED19D095 /* WhisperVAD */; };
		FEDAE1960B78A981CD57433F67C391BF /* GemmaOptimization.swift in Sources */ = {isa = PBXBuildFile; fileRef = E70C344B42E48AAA0BED1FA108229084 /* GemmaOptimization.swift */; };
/* End PBXBuildFile section */

/* Begin PBXContainerItemProxy section */
		C18566198DE21F493C4E28CBC830B8E9 /* PBXContainerItemProxy */ = {
			isa = PBXContainerItemProxy;
			containerPortal = 0320CDC20F8377D44960ACDD5AFF2AD7 /* Project object */;
			proxyType = 1;
			remoteGlobalIDString = A5F143C9ABB022B03DE0C0E26204A033;
			remoteInfo = LocalScribe;
		};
/* End PBXContainerItemProxy section */

/* Begin PBXFileReference section */
		03A9E658C7859B043E9F7AA00FDA2913 /* AIPromptEditorView.swift */ = {isa = PBXFileReference; includeInIndex = 1; lastKnownFileType = sourcecode.swift; name = AIPromptEditorView.swift; path = Views/AIPromptEditorView.swift; sourceTree = "<group>"; };
		0756FD05330B9933F5255061654C72EE /* AppUpdateController.swift */ = {isa = PBXFileReference; includeInIndex = 1; lastKnownFileType = sourcecode.swift; name = AppUpdateController.swift; path = Services/AppUpdateController.swift; sourceTree = "<group>"; };
		08D800BABF992C4DE2572EFDC9AF47F6 /* zh-Hans */ = {isa = PBXFileReference; includeInIndex = 1; lastKnownFileType = text.plist.strings; name = "zh-Hans"; path = "zh-Hans.lproj/Localizable.strings"; sourceTree = "<group>"; };
		0903DE27D35DA4586FC9F9A47C90A698 /* AppUpdateControllerTests.swift */ = {isa = PBXFileReference; includeInIndex = 1; lastKnownFileType = sourcecode.swift; path = AppUpdateControllerTests.swift; sourceTree = "<group>"; };
		0DA27E00A9CDAE79B32C0037FE977BAB /* TranscriptImportAndEditingTests.swift */ = {isa = PBXFileReference; includeInIndex = 1; lastKnownFileType = sourcecode.swift; path = TranscriptImportAndEditingTests.swift; sourceTree = "<group>"; };
		0EAFB7B1A3C7029C74E14F560E6CFCE0 /* Accelerate.framework */ = {isa = PBXFileReference; lastKnownFileType = wrapper.framework; name = Accelerate.framework; path = System/Library/Frameworks/Accelerate.framework; sourceTree = SDKROOT; };
		110F3010CF046BC059FAE3D036F96F3C /* RealtimeAudioSource.swift */ = {isa = PBXFileReference; includeInIndex = 1; lastKnownFileType = sourcecode.swift; name = RealtimeAudioSource.swift; path = Models/RealtimeAudioSource.swift; sourceTree = "<group>"; };
		1250E91219539F4743FBDA630BBB3EF2 /* ApplicationMenuLocalizer.swift */ = {isa = PBXFileReference; includeInIndex = 1; lastKnownFileType = sourcecode.swift; name = ApplicationMenuLocalizer.swift; path = Services/ApplicationMenuLocalizer.swift; sourceTree = "<group>"; };
		13A71C13ED25763DBB471562C32ADED6 /* WhisperModelManager.swift */ = {isa = PBXFileReference; includeInIndex = 1; lastKnownFileType = sourcecode.swift; name = WhisperModelManager.swift; path = Services/WhisperModelManager.swift; sourceTree = "<group>"; };
		1A5D7FCDA379C2164280E489201B6570 /* StreamingText.swift */ = {isa = PBXFileReference; includeInIndex = 1; lastKnownFileType = sourcecode.swift; name = StreamingText.swift; path = Services/StreamingText.swift; sourceTree = "<group>"; };
		1F82535967EFFA960F6DBA4F03EC7787 /* CoreText.framework */ = {isa = PBXFileReference; lastKnownFileType = wrapper.framework; name = CoreText.framework; path = System/Library/Frameworks/CoreText.framework; sourceTree = SDKROOT; };
		2A6F543E675DD03FE3C6AF84B20DB863 /* TranscriptEditingView.swift */ = {isa = PBXFileReference; includeInIndex = 1; lastKnownFileType = sourcecode.swift; name = TranscriptEditingView.swift; path = Views/TranscriptEditingView.swift; sourceTree = "<group>"; };
		34709D4ABB0BE4045868CC850B6777CE /* LocalScribeApp.swift */ = {isa = PBXFileReference; includeInIndex = 1; lastKnownFileType = sourcecode.swift; path = LocalScribeApp.swift; sourceTree = "<group>"; };
		3973CD1EDCBFCB27EE9353A6480373D6 /* Localization.swift */ = {isa = PBXFileReference; includeInIndex = 1; lastKnownFileType = sourcecode.swift; name = Localization.swift; path = Services/Localization.swift; sourceTree = "<group>"; };
		3F3494BEE84E15B7BCD6B126FCB7EA57 /* PermissionCenter.swift */ = {isa = PBXFileReference; includeInIndex = 1; lastKnownFileType = sourcecode.swift; name = PermissionCenter.swift; path = Services/PermissionCenter.swift; sourceTree = "<group>"; };
		400B39B7396CA00FEB2377C1431F4554 /* NLLBModelManager.swift */ = {isa = PBXFileReference; includeInIndex = 1; lastKnownFileType = sourcecode.swift; name = NLLBModelManager.swift; path = Services/NLLBModelManager.swift; sourceTree = "<group>"; };
		435983761F81AFCB9C82BAC61F4DF905 /* InterfaceStyles.swift */ = {isa = PBXFileReference; includeInIndex = 1; lastKnownFileType = sourcecode.swift; name = InterfaceStyles.swift; path = Views/InterfaceStyles.swift; sourceTree = "<group>"; };
		43F662EE17BBE4A9B9C6AFFE16F384F3 /* GemmaSafetyTests.swift */ = {isa = PBXFileReference; includeInIndex = 1; lastKnownFileType = sourcecode.swift; path = GemmaSafetyTests.swift; sourceTree = "<group>"; };
		4A8BF8A213CF791B25C9F5668A3A14F3 /* AppInfo.swift */ = {isa = PBXFileReference; includeInIndex = 1; lastKnownFileType = sourcecode.swift; name = AppInfo.swift; path = Services/AppInfo.swift; sourceTree = "<group>"; };
		4AAC14289D6492857F1D3AF3E0A19D38 /* TranscriptionSessionModel.swift */ = {isa = PBXFileReference; includeInIndex = 1; lastKnownFileType = sourcecode.swift; name = TranscriptionSessionModel.swift; path = Services/TranscriptionSessionModel.swift; sourceTree = "<group>"; };
		4C918EB3139BB9D4CF15C29AFA6AA02A /* AudioPipeline.swift */ = {isa = PBXFileReference; includeInIndex = 1; lastKnownFileType = sourcecode.swift; name = AudioPipeline.swift; path = Services/AudioPipeline.swift; sourceTree = "<group>"; };
		4CCAEA4B287EC851F9FB2932B7DA845B /* Metal.framework */ = {isa = PBXFileReference; lastKnownFileType = wrapper.framework; name = Metal.framework; path = System/Library/Frameworks/Metal.framework; sourceTree = SDKROOT; };
		56AFAB44D3FC66A9595FBAE632C29A78 /* WhisperPipelineTests.swift */ = {isa = PBXFileReference; includeInIndex = 1; lastKnownFileType = sourcecode.swift; path = WhisperPipelineTests.swift; sourceTree = "<group>"; };
		5AB0381BF434F87C3D57269054F2DBF4 /* NLLBTranslator */ = {isa = PBXFileReference; includeInIndex = 1; lastKnownFileType = folder; path = NLLBTranslator; sourceTree = "<group>"; };
		5C1F98B7D1C4B08342B452B85CC8D6A4 /* TranscriptionView.swift */ = {isa = PBXFileReference; includeInIndex = 1; lastKnownFileType = sourcecode.swift; name = TranscriptionView.swift; path = Views/TranscriptionView.swift; sourceTree = "<group>"; };
		5CF09C80F2C421A71D1F2DC9FB9A453F /* SherpaOnnxEngine.swift */ = {isa = PBXFileReference; includeInIndex = 1; lastKnownFileType = sourcecode.swift; name = SherpaOnnxEngine.swift; path = Services/SherpaOnnxEngine.swift; sourceTree = "<group>"; };
		5DD4E932F6FC900CE0C7D9D9C25A2366 /* StreamingTextAnimatorTests.swift */ = {isa = PBXFileReference; includeInIndex = 1; lastKnownFileType = sourcecode.swift; path = StreamingTextAnimatorTests.swift; sourceTree = "<group>"; };
		68124442AB3F80EE4D9C76D821E88117 /* LocalScribeTests.xctest */ = {isa = PBXFileReference; explicitFileType = wrapper.cfbundle; includeInIndex = 0; path = LocalScribeTests.xctest; sourceTree = BUILT_PRODUCTS_DIR; };
		69CD6356BB64D1D35E81E0AC4CB5CE4D /* AppPresentationPreferences.swift */ = {isa = PBXFileReference; includeInIndex = 1; lastKnownFileType = sourcecode.swift; name = AppPresentationPreferences.swift; path = Services/AppPresentationPreferences.swift; sourceTree = "<group>"; };
		6C03B285E82C5F4744966AE3D78E72BC /* LongTaskStorageTests.swift */ = {isa = PBXFileReference; includeInIndex = 1; lastKnownFileType = sourcecode.swift; path = LongTaskStorageTests.swift; sourceTree = "<group>"; };
		6DA622EF83ED8D29F9D99739EFA28B7E /* Cocoa.framework */ = {isa = PBXFileReference; lastKnownFileType = wrapper.framework; name = Cocoa.framework; path = Platforms/MacOSX.platform/Developer/SDKs/MacOSX15.0.sdk/System/Library/Frameworks/Cocoa.framework; sourceTree = DEVELOPER_DIR; };
		73C9165A93DDBEB058F414FF7C49859B /* ExportService.swift */ = {isa = PBXFileReference; includeInIndex = 1; lastKnownFileType = sourcecode.swift; name = ExportService.swift; path = Services/ExportService.swift; sourceTree = "<group>"; };
		73E8CA93798EDF743AE20FDEB49C1EB7 /* LiveCaptionController.swift */ = {isa = PBXFileReference; includeInIndex = 1; lastKnownFileType = sourcecode.swift; name = LiveCaptionController.swift; path = Services/LiveCaptionController.swift; sourceTree = "<group>"; };
		75AD11BA58FD0E19A88B2B22FF04395D /* ScreenCaptureKit.framework */ = {isa = PBXFileReference; lastKnownFileType = wrapper.framework; name = ScreenCaptureKit.framework; path = System/Library/Frameworks/ScreenCaptureKit.framework; sourceTree = SDKROOT; };
		796AC7C95C62AEA53E75C618BBFC940A /* LocalScribe.entitlements */ = {isa = PBXFileReference; includeInIndex = 1; lastKnownFileType = text.plist.entitlements; path = LocalScribe.entitlements; sourceTree = "<group>"; };
		7AA9911B07F4E6CED4A433E96E404C68 /* Assets.xcassets */ = {isa = PBXFileReference; includeInIndex = 1; lastKnownFileType = folder.assetcatalog; path = Assets.xcassets; sourceTree = "<group>"; };
		7C9B8A8AB2F518FACAC2E2D6D2164752 /* RealtimeAudioCapture.swift */ = {isa = PBXFileReference; includeInIndex = 1; lastKnownFileType = sourcecode.swift; name = RealtimeAudioCapture.swift; path = Services/RealtimeAudioCapture.swift; sourceTree = "<group>"; };
		84938995D8AC9DD7CCFB487DEB805127 /* WhisperEngine.swift */ = {isa = PBXFileReference; includeInIndex = 1; lastKnownFileType = sourcecode.swift; name = WhisperEngine.swift; path = Services/WhisperEngine.swift; sourceTree = "<group>"; };
		89A440627B8120DCD3A3353AB68C9845 /* StartView.swift */ = {isa = PBXFileReference; includeInIndex = 1; lastKnownFileType = sourcecode.swift; name = StartView.swift; path = Views/StartView.swift; sourceTree = "<group>"; };
		8B1EBF7F162C315E5B55EC261537A066 /* CLIController.swift */ = {isa = PBXFileReference; includeInIndex = 1; lastKnownFileType = sourcecode.swift; name = CLIController.swift; path = Services/CLIController.swift; sourceTree = "<group>"; };
		8B6D90639AF3491AFF4D2B426F25A949 /* LocalizationTests.swift */ = {isa = PBXFileReference; includeInIndex = 1; lastKnownFileType = sourcecode.swift; path = LocalizationTests.swift; sourceTree = "<group>"; };
		8D66AE05D8DF7BC098D6E9C2D5E011B1 /* AppleTranslation.swift */ = {isa = PBXFileReference; includeInIndex = 1; lastKnownFileType = sourcecode.swift; name = AppleTranslation.swift; path = Services/AppleTranslation.swift; sourceTree = "<group>"; };
		8F4958C9C9E42061AA87DBEF5A560552 /* RealtimeAudioSourceTests.swift */ = {isa = PBXFileReference; includeInIndex = 1; lastKnownFileType = sourcecode.swift; path = RealtimeAudioSourceTests.swift; sourceTree = "<group>"; };
		930041E76EC67FF8A2C9E46F8E1B1E01 /* AIPrompts */ = {isa = PBXFileReference; includeInIndex = 1; lastKnownFileType = folder; path = AIPrompts; sourceTree = "<group>"; };
		9737135DDAAA4BAB3601AC0AC4E0A807 /* AudioInputDeviceRepository.swift */ = {isa = PBXFileReference; includeInIndex = 1; lastKnownFileType = sourcecode.swift; name = AudioInputDeviceRepository.swift; path = Services/AudioInputDeviceRepository.swift; sourceTree = "<group>"; };
		98789248CAA791C22650FA1C0EEBEC5B /* RecoveryStore.swift */ = {isa = PBXFileReference; includeInIndex = 1; lastKnownFileType = sourcecode.swift; name = RecoveryStore.swift; path = Services/RecoveryStore.swift; sourceTree = "<group>"; };
		9B6C07466D6DC57AD9849D7BCB9149A5 /* en */ = {isa = PBXFileReference; includeInIndex = 1; lastKnownFileType = text.plist.strings; name = en; path = en.lproj/Localizable.strings; sourceTree = "<group>"; };
		9CDD832FECC662084DB15E5AEEC1D681 /* en */ = {isa = PBXFileReference; includeInIndex = 1; lastKnownFileType = text.plist.strings; name = en; path = en.lproj/InfoPlist.strings; sourceTree = "<group>"; };
		A3F2EA0FE07D3F64A4421AA773AE9FD0 /* SherpaOnnx */ = {isa = PBXFileReference; includeInIndex = 1; lastKnownFileType = folder; path = SherpaOnnx; sourceTree = "<group>"; };
		A41F4CD6C7BA7210C12C65A0480F5042 /* zh-Hans */ = {isa = PBXFileReference; includeInIndex = 1; lastKnownFileType = text.plist.strings; name = "zh-Hans"; path = "zh-Hans.lproj/InfoPlist.strings"; sourceTree = "<group>"; };
		A9012CD9C0CFC49B8ABF1273C50D524D /* TranscriptImport.swift */ = {isa = PBXFileReference; includeInIndex = 1; lastKnownFileType = sourcecode.swift; name = TranscriptImport.swift; path = Services/TranscriptImport.swift; sourceTree = "<group>"; };
		A9921CBFF157B30271EF31EDA4D7FB4D /* GemmaRuntime */ = {isa = PBXFileReference; includeInIndex = 1; lastKnownFileType = folder; path = GemmaRuntime; sourceTree = "<group>"; };
		AEDC80BD595043CDCEF02E564E421DED /* LanguageCatalog.swift */ = {isa = PBXFileReference; includeInIndex = 1; lastKnownFileType = sourcecode.swift; name = LanguageCatalog.swift; path = Services/LanguageCatalog.swift; sourceTree = "<group>"; };
		B30C399B365B7E9F4B73C5FD40887085 /* NLLBTranslation.swift */ = {isa = PBXFileReference; includeInIndex = 1; lastKnownFileType = sourcecode.swift; name = NLLBTranslation.swift; path = Services/NLLBTranslation.swift; sourceTree = "<group>"; };
		B81CBDFFA6990D10BC8723695A417688 /* libWhisperMetal.a */ = {isa = PBXFileReference; includeInIndex = 1; lastKnownFileType = archive.ar; name = libWhisperMetal.a; path = lib/libWhisperMetal.a; sourceTree = "<group>"; };
		BF5FEF0F4F72749C474CAC040E4FE586 /* AIPromptPreferences.swift */ = {isa = PBXFileReference; includeInIndex = 1; lastKnownFileType = sourcecode.swift; name = AIPromptPreferences.swift; path = Services/AIPromptPreferences.swift; sourceTree = "<group>"; };
		C301484DEE281AA4B932D4C494010FE0 /* TranscriptionLifecycleTests.swift */ = {isa = PBXFileReference; includeInIndex = 1; lastKnownFileType = sourcecode.swift; path = TranscriptionLifecycleTests.swift; sourceTree = "<group>"; };
		CA64838733DE1E998C8BF7283ECD80E5 /* AVFoundation.framework */ = {isa = PBXFileReference; lastKnownFileType = wrapper.framework; name = AVFoundation.framework; path = System/Library/Frameworks/AVFoundation.framework; sourceTree = SDKROOT; };
		CD11083341F3A80C018D1AE9C35F664F /* TranslationStructureTests.swift */ = {isa = PBXFileReference; includeInIndex = 1; lastKnownFileType = sourcecode.swift; path = TranslationStructureTests.swift; sourceTree = "<group>"; };
		CDC70B161DD621E5EE96E6500A8D6481 /* LongTaskStorage.swift */ = {isa = PBXFileReference; includeInIndex = 1; lastKnownFileType = sourcecode.swift; name = LongTaskStorage.swift; path = Services/LongTaskStorage.swift; sourceTree = "<group>"; };
		CF9866835B344D787A245D1D200928EB /* LocalScribe.app */ = {isa = PBXFileReference; explicitFileType = wrapper.application; includeInIndex = 0; name = LocalScribe.app; path = LocalScribe.app; sourceTree = BUILT_PRODUCTS_DIR; };
		D5C4A38CA0EEA022D164B8D57909AD2A /* Translation.framework */ = {isa = PBXFileReference; lastKnownFileType = wrapper.framework; name = Translation.framework; path = System/Library/Frameworks/Translation.framework; sourceTree = SDKROOT; };
		D770921038E5BE50212071F17861B33C /* Info.plist */ = {isa = PBXFileReference; includeInIndex = 1; lastKnownFileType = text.plist.xml; path = Info.plist; sourceTree = "<group>"; };
		DA460D4748EF4BA9073316D24F0CA654 /* AppStoragePaths.swift */ = {isa = PBXFileReference; includeInIndex = 1; lastKnownFileType = sourcecode.swift; name = AppStoragePaths.swift; path = Services/AppStoragePaths.swift; sourceTree = "<group>"; };
		E02A733B128761FF2E51EC4F856116C9 /* Speech.framework */ = {isa = PBXFileReference; lastKnownFileType = wrapper.framework; name = Speech.framework; path = System/Library/Frameworks/Speech.framework; sourceTree = SDKROOT; };
		E28E35BBB27508D6DC773B4469F17A4B /* GemmaModelManager.swift */ = {isa = PBXFileReference; includeInIndex = 1; lastKnownFileType = sourcecode.swift; name = GemmaModelManager.swift; path = Services/GemmaModelManager.swift; sourceTree = "<group>"; };
		E70C344B42E48AAA0BED1FA108229084 /* GemmaOptimization.swift */ = {isa = PBXFileReference; includeInIndex = 1; lastKnownFileType = sourcecode.swift; name = GemmaOptimization.swift; path = Services/GemmaOptimization.swift; sourceTree = "<group>"; };
		E9B76413344205D9BA1A5B135AF2A12B /* SettingsView.swift */ = {isa = PBXFileReference; includeInIndex = 1; lastKnownFileType = sourcecode.swift; name = SettingsView.swift; path = Views/SettingsView.swift; sourceTree = "<group>"; };
		EE38FACD29BF78A1D4ED2F1DED19D095 /* WhisperVAD */ = {isa = PBXFileReference; includeInIndex = 1; lastKnownFileType = folder; path = WhisperVAD; sourceTree = "<group>"; };
		F04663B9F8E2C809301366D85E5510EB /* RootView.swift */ = {isa = PBXFileReference; includeInIndex = 1; lastKnownFileType = sourcecode.swift; name = RootView.swift; path = Views/RootView.swift; sourceTree = "<group>"; };
		F8907A33046175EF6C2BF8E5C055E23B /* SpeechModelStore.swift */ = {isa = PBXFileReference; includeInIndex = 1; lastKnownFileType = sourcecode.swift; name = SpeechModelStore.swift; path = Services/SpeechModelStore.swift; sourceTree = "<group>"; };
		FAE26900BA3D9E7912BD571701AC9AE8 /* LiveCaptionPanelView.swift */ = {isa = PBXFileReference; includeInIndex = 1; lastKnownFileType = sourcecode.swift; name = LiveCaptionPanelView.swift; path = Views/LiveCaptionPanelView.swift; sourceTree = "<group>"; };
		FF8492BABB022041E6054920595F83AA /* TranscriptionModels.swift */ = {isa = PBXFileReference; includeInIndex = 1; lastKnownFileType = sourcecode.swift; name = TranscriptionModels.swift; path = Models/TranscriptionModels.swift; sourceTree = "<group>"; };
/* End PBXFileReference section */

/* Begin PBXFrameworksBuildPhase section */
		0BC49F3A73D611A1D3C1BFC993440C4E /* Frameworks */ = {
			isa = PBXFrameworksBuildPhase;
			buildActionMask = 2147483647;
			files = (
				B3D34E2B017EA1919BAA57D0782127D4 /* Cocoa.framework in Frameworks */,
				3379A11DEC1E47A86A1E6DDC4049C2B5 /* Speech.framework in Frameworks */,
				8C926C34731D2E8B228D2D149530B49D /* AVFoundation.framework in Frameworks */,
				900B55578696E97E3FFB88EB0E98DC09 /* CoreText.framework in Frameworks */,
				BDE60A1031FF42A6087CE6B416F73D8A /* Metal.framework in Frameworks */,
				5ECD34E6D4B349071FFF487249DA95A9 /* Accelerate.framework in Frameworks */,
				C86BE48B981870160E8B128835A46918 /* ScreenCaptureKit.framework in Frameworks */,
				1F979B965131646438B4EC8AF267DD09 /* Translation.framework in Frameworks */,
				C2A34498552AC7A688B3A21EC4476EE3 /* libWhisperMetal.a in Frameworks */,
			);
			runOnlyForDeploymentPostprocessing = 0;
		};
		91EF48671A686BEC1E03B3AB9AF15D5A /* Frameworks */ = {
			isa = PBXFrameworksBuildPhase;
			buildActionMask = 2147483647;
			files = (
				8C5E1E1A0EA3BCD01920546D8CD83E68 /* Cocoa.framework in Frameworks */,
			);
			runOnlyForDeploymentPostprocessing = 0;
		};
/* End PBXFrameworksBuildPhase section */

/* Begin PBXGroup section */
		29CBCC3FAB8085679A143D6D0DCD2F7A /* LocalScribeTests */ = {
			isa = PBXGroup;
			children = (
				CD11083341F3A80C018D1AE9C35F664F /* TranslationStructureTests.swift */,
				6C03B285E82C5F4744966AE3D78E72BC /* LongTaskStorageTests.swift */,
				56AFAB44D3FC66A9595FBAE632C29A78 /* WhisperPipelineTests.swift */,
				0DA27E00A9CDAE79B32C0037FE977BAB /* TranscriptImportAndEditingTests.swift */,
				8B6D90639AF3491AFF4D2B426F25A949 /* LocalizationTests.swift */,
				0903DE27D35DA4586FC9F9A47C90A698 /* AppUpdateControllerTests.swift */,
				43F662EE17BBE4A9B9C6AFFE16F384F3 /* GemmaSafetyTests.swift */,
				8F4958C9C9E42061AA87DBEF5A560552 /* RealtimeAudioSourceTests.swift */,
				5DD4E932F6FC900CE0C7D9D9C25A2366 /* StreamingTextAnimatorTests.swift */,
				C301484DEE281AA4B932D4C494010FE0 /* TranscriptionLifecycleTests.swift */,
			);
			name = LocalScribeTests;
			path = LocalScribeTests;
			sourceTree = "<group>";
		};
		59FC3DBFCE2ADD7F1DB9D8505877BDE8 /* Products */ = {
			isa = PBXGroup;
			children = (
				CF9866835B344D787A245D1D200928EB /* LocalScribe.app */,
				68124442AB3F80EE4D9C76D821E88117 /* LocalScribeTests.xctest */,
			);
			name = Products;
			sourceTree = "<group>";
		};
		7DC8AAD81A9E883D6DF13EAFF0110F71 /* LocalScribe */ = {
			isa = PBXGroup;
			children = (
				34709D4ABB0BE4045868CC850B6777CE /* LocalScribeApp.swift */,
				FF8492BABB022041E6054920595F83AA /* TranscriptionModels.swift */,
				110F3010CF046BC059FAE3D036F96F3C /* RealtimeAudioSource.swift */,
				AEDC80BD595043CDCEF02E564E421DED /* LanguageCatalog.swift */,
				3973CD1EDCBFCB27EE9353A6480373D6 /* Localization.swift */,
				69CD6356BB64D1D35E81E0AC4CB5CE4D /* AppPresentationPreferences.swift */,
				1250E91219539F4743FBDA630BBB3EF2 /* ApplicationMenuLocalizer.swift */,
				3F3494BEE84E15B7BCD6B126FCB7EA57 /* PermissionCenter.swift */,
				4C918EB3139BB9D4CF15C29AFA6AA02A /* AudioPipeline.swift */,
				9737135DDAAA4BAB3601AC0AC4E0A807 /* AudioInputDeviceRepository.swift */,
				7C9B8A8AB2F518FACAC2E2D6D2164752 /* RealtimeAudioCapture.swift */,
				DA460D4748EF4BA9073316D24F0CA654 /* AppStoragePaths.swift */,
				4A8BF8A213CF791B25C9F5668A3A14F3 /* AppInfo.swift */,
				0756FD05330B9933F5255061654C72EE /* AppUpdateController.swift */,
				CDC70B161DD621E5EE96E6500A8D6481 /* LongTaskStorage.swift */,
				F8907A33046175EF6C2BF8E5C055E23B /* SpeechModelStore.swift */,
				13A71C13ED25763DBB471562C32ADED6 /* WhisperModelManager.swift */,
				84938995D8AC9DD7CCFB487DEB805127 /* WhisperEngine.swift */,
				1A5D7FCDA379C2164280E489201B6570 /* StreamingText.swift */,
				5CF09C80F2C421A71D1F2DC9FB9A453F /* SherpaOnnxEngine.swift */,
				98789248CAA791C22650FA1C0EEBEC5B /* RecoveryStore.swift */,
				73C9165A93DDBEB058F414FF7C49859B /* ExportService.swift */,
				A9012CD9C0CFC49B8ABF1273C50D524D /* TranscriptImport.swift */,
				4AAC14289D6492857F1D3AF3E0A19D38 /* TranscriptionSessionModel.swift */,
				8B1EBF7F162C315E5B55EC261537A066 /* CLIController.swift */,
				8D66AE05D8DF7BC098D6E9C2D5E011B1 /* AppleTranslation.swift */,
				B30C399B365B7E9F4B73C5FD40887085 /* NLLBTranslation.swift */,
				400B39B7396CA00FEB2377C1431F4554 /* NLLBModelManager.swift */,
				E28E35BBB27508D6DC773B4469F17A4B /* GemmaModelManager.swift */,
				E70C344B42E48AAA0BED1FA108229084 /* GemmaOptimization.swift */,
				BF5FEF0F4F72749C474CAC040E4FE586 /* AIPromptPreferences.swift */,
				73E8CA93798EDF743AE20FDEB49C1EB7 /* LiveCaptionController.swift */,
				F04663B9F8E2C809301366D85E5510EB /* RootView.swift */,
				435983761F81AFCB9C82BAC61F4DF905 /* InterfaceStyles.swift */,
				89A440627B8120DCD3A3353AB68C9845 /* StartView.swift */,
				5C1F98B7D1C4B08342B452B85CC8D6A4 /* TranscriptionView.swift */,
				2A6F543E675DD03FE3C6AF84B20DB863 /* TranscriptEditingView.swift */,
				FAE26900BA3D9E7912BD571701AC9AE8 /* LiveCaptionPanelView.swift */,
				E9B76413344205D9BA1A5B135AF2A12B /* SettingsView.swift */,
				03A9E658C7859B043E9F7AA00FDA2913 /* AIPromptEditorView.swift */,
				BB2075CAF4CB5FB7679D7EFA26EA949D /* Resources */,
			);
			name = LocalScribe;
			path = LocalScribe;
			sourceTree = "<group>";
		};
		80232B1AC0C8BA4BE3EE3058400AC972 /* OS X */ = {
			isa = PBXGroup;
			children = (
				6DA622EF83ED8D29F9D99739EFA28B7E /* Cocoa.framework */,
			);
			name = "OS X";
			sourceTree = "<group>";
		};
		91E7DF8CE7414329B756C2D2D7C9B89C /* Frameworks */ = {
			isa = PBXGroup;
			children = (
				80232B1AC0C8BA4BE3EE3058400AC972 /* OS X */,
				E02A733B128761FF2E51EC4F856116C9 /* Speech.framework */,
				CA64838733DE1E998C8BF7283ECD80E5 /* AVFoundation.framework */,
				1F82535967EFFA960F6DBA4F03EC7787 /* CoreText.framework */,
				4CCAEA4B287EC851F9FB2932B7DA845B /* Metal.framework */,
				0EAFB7B1A3C7029C74E14F560E6CFCE0 /* Accelerate.framework */,
				75AD11BA58FD0E19A88B2B22FF04395D /* ScreenCaptureKit.framework */,
				D5C4A38CA0EEA022D164B8D57909AD2A /* Translation.framework */,
			);
			name = Frameworks;
			sourceTree = "<group>";
		};
		AC5753D67FA24821D302F057E5656A7A /* WhisperMetal */ = {
			isa = PBXGroup;
			children = (
				B81CBDFFA6990D10BC8723695A417688 /* libWhisperMetal.a */,
			);
			name = WhisperMetal;
			path = WhisperMetal;
			sourceTree = "<group>";
		};
		B002B59C62BB833962931FEE1E10C08C = {
			isa = PBXGroup;
			children = (
				59FC3DBFCE2ADD7F1DB9D8505877BDE8 /* Products */,
				91E7DF8CE7414329B756C2D2D7C9B89C /* Frameworks */,
				7DC8AAD81A9E883D6DF13EAFF0110F71 /* LocalScribe */,
				29CBCC3FAB8085679A143D6D0DCD2F7A /* LocalScribeTests */,
				C7D759CFEB65A908EF602345E06B4BA5 /* Vendor */,
			);
			sourceTree = "<group>";
		};
		BB2075CAF4CB5FB7679D7EFA26EA949D /* Resources */ = {
			isa = PBXGroup;
			children = (
				D770921038E5BE50212071F17861B33C /* Info.plist */,
				796AC7C95C62AEA53E75C618BBFC940A /* LocalScribe.entitlements */,
				AE3A5F38868078710DD659D0755FCB47 /* Localizable.strings */,
				A37B969B226496AC6DEFAD2B6DBD6CF9 /* InfoPlist.strings */,
				7AA9911B07F4E6CED4A433E96E404C68 /* Assets.xcassets */,
				930041E76EC67FF8A2C9E46F8E1B1E01 /* AIPrompts */,
			);
			name = Resources;
			path = Resources;
			sourceTree = "<group>";
		};
		C7D759CFEB65A908EF602345E06B4BA5 /* Vendor */ = {
			isa = PBXGroup;
			children = (
				AC5753D67FA24821D302F057E5656A7A /* WhisperMetal */,
				EE38FACD29BF78A1D4ED2F1DED19D095 /* WhisperVAD */,
				A3F2EA0FE07D3F64A4421AA773AE9FD0 /* SherpaOnnx */,
				5AB0381BF434F87C3D57269054F2DBF4 /* NLLBTranslator */,
				A9921CBFF157B30271EF31EDA4D7FB4D /* GemmaRuntime */,
			);
			name = Vendor;
			path = Vendor;
			sourceTree = "<group>";
		};
/* End PBXGroup section */

/* Begin PBXNativeTarget section */
		1CF24D168397DED5505C3B7A7B0DC948 /* LocalScribeTests */ = {
			isa = PBXNativeTarget;
			buildConfigurationList = 4E51090639C712B521711AF19489A9A9 /* Build configuration list for PBXNativeTarget "LocalScribeTests" */;
			buildPhases = (
				1F950D3C17947BDA12C8A60F6D5381E7 /* Sources */,
				91EF48671A686BEC1E03B3AB9AF15D5A /* Frameworks */,
				0A791490D3A27C5EB9D2D6494AFB943E /* Resources */,
			);
			buildRules = (
			);
			dependencies = (
				DE1C90ADC8DB7D51A5B5D91255C3F90B /* PBXTargetDependency */,
			);
			name = LocalScribeTests;
			productName = LocalScribeTests;
			productReference = 68124442AB3F80EE4D9C76D821E88117 /* LocalScribeTests.xctest */;
			productType = "com.apple.product-type.bundle.unit-test";
		};
		A5F143C9ABB022B03DE0C0E26204A033 /* LocalScribe */ = {
			isa = PBXNativeTarget;
			buildConfigurationList = 64A7B88D8F5B6295697B9232D499DEE6 /* Build configuration list for PBXNativeTarget "LocalScribe" */;
			buildPhases = (
				AB75F1A41A32CE243C0544CA55356B86 /* Sources */,
				0BC49F3A73D611A1D3C1BFC993440C4E /* Frameworks */,
				4FAC21112000CCA4AC9E48D34C33AEA1 /* Resources */,
			);
			buildRules = (
			);
			dependencies = (
			);
			name = LocalScribe;
			productName = LocalScribe;
			productReference = CF9866835B344D787A245D1D200928EB /* LocalScribe.app */;
			productType = "com.apple.product-type.application";
		};
/* End PBXNativeTarget section */

/* Begin PBXProject section */
		0320CDC20F8377D44960ACDD5AFF2AD7 /* Project object */ = {
			isa = PBXProject;
			attributes = {
				LastSwiftUpdateCheck = 2660;
				LastUpgradeCheck = 2660;
			};
			buildConfigurationList = A7596FCAAA538316FC85D639DDD763C5 /* Build configuration list for PBXProject "LocalScribe" */;
			compatibilityVersion = "Xcode 3.2";
			developmentRegion = "zh-Hans";
			hasScannedForEncodings = 0;
			knownRegions = (
				"zh-Hans",
				en,
				Base,
			);
			mainGroup = B002B59C62BB833962931FEE1E10C08C;
			minimizedProjectReferenceProxies = 0;
			preferredProjectObjectVersion = 77;
			productRefGroup = 59FC3DBFCE2ADD7F1DB9D8505877BDE8 /* Products */;
			projectDirPath = "";
			projectRoot = "";
			targets = (
				A5F143C9ABB022B03DE0C0E26204A033 /* LocalScribe */,
				1CF24D168397DED5505C3B7A7B0DC948 /* LocalScribeTests */,
			);
		};
/* End PBXProject section */

/* Begin PBXResourcesBuildPhase section */
		0A791490D3A27C5EB9D2D6494AFB943E /* Resources */ = {
			isa = PBXResourcesBuildPhase;
			buildActionMask = 2147483647;
			files = (
			);
			runOnlyForDeploymentPostprocessing = 0;
		};
		4FAC21112000CCA4AC9E48D34C33AEA1 /* Resources */ = {
			isa = PBXResourcesBuildPhase;
			buildActionMask = 2147483647;
			files = (
				7561AC27F4B65D0889AD6120D1692BC5 /* Localizable.strings in Resources */,
				D08EF9019F83BBCD95D61B23B84ADE75 /* InfoPlist.strings in Resources */,
				02DCE9A19299B09707500F585C77EE60 /* Assets.xcassets in Resources */,
				800097D08439F8F8B874DB8BBD20B664 /* AIPrompts in Resources */,
				FDB5C75843A752CDC736BB869E42CBF5 /* WhisperVAD in Resources */,
				AC2BAA74CDFEAF405628779ADCB584E0 /* SherpaOnnx in Resources */,
				2D71FC9BE85B41F992C435B3656D9408 /* NLLBTranslator in Resources */,
				14E90D0A80EFED4CA09D66F816FA26E5 /* GemmaRuntime in Resources */,
			);
			runOnlyForDeploymentPostprocessing = 0;
		};
/* End PBXResourcesBuildPhase section */

/* Begin PBXSourcesBuildPhase section */
		1F950D3C17947BDA12C8A60F6D5381E7 /* Sources */ = {
			isa = PBXSourcesBuildPhase;
			buildActionMask = 2147483647;
			files = (
				395C0B2FE402D08F7F6B354F23ADD7B9 /* TranslationStructureTests.swift in Sources */,
				4C7CA1A041294889A94A985FDABDBA49 /* LongTaskStorageTests.swift in Sources */,
				BCCF0A19C170FB9B06A520311E81CA3B /* WhisperPipelineTests.swift in Sources */,
				68BD5C3FBB89A6BAD772A2202FAB9A06 /* TranscriptImportAndEditingTests.swift in Sources */,
				3F581EE0DE59A6A50F61669F19324A02 /* LocalizationTests.swift in Sources */,
				A2805179677F27E3543EDABD843854F2 /* AppUpdateControllerTests.swift in Sources */,
				4348AB55600629C3D10AEC564E96B82A /* GemmaSafetyTests.swift in Sources */,
				2ADC85F0FE0F4AA84AB36DDCB08F78B7 /* RealtimeAudioSourceTests.swift in Sources */,
				140BD806EBF1DFF76AC6400E7AF6611B /* StreamingTextAnimatorTests.swift in Sources */,
				56818DE13DD6F20FE3A9B8F0012C7231 /* TranscriptionLifecycleTests.swift in Sources */,
			);
			runOnlyForDeploymentPostprocessing = 0;
		};
		AB75F1A41A32CE243C0544CA55356B86 /* Sources */ = {
			isa = PBXSourcesBuildPhase;
			buildActionMask = 2147483647;
			files = (
				DC2D07999044944314EB824F39F125BA /* LocalScribeApp.swift in Sources */,
				9CCAD1464A0AEB4105FBAD2676E1CEDA /* TranscriptionModels.swift in Sources */,
				F5BC390F8CBA8CFA9F556DC7972FF365 /* RealtimeAudioSource.swift in Sources */,
				F1BE8041344D64DBD57C5D94A0EC6860 /* LanguageCatalog.swift in Sources */,
				6E9BB62EB05026B9A8986A3EA826EB06 /* Localization.swift in Sources */,
				558ABF7D2A64A04E33005E2D95BAD0E7 /* AppPresentationPreferences.swift in Sources */,
				1EEF691916CD78EEB20E09A90C5554E9 /* ApplicationMenuLocalizer.swift in Sources */,
				2D7868397A55D5B762D79F0E59801230 /* PermissionCenter.swift in Sources */,
				0AF0A833AA656544C69FA0FBAF3B82F2 /* AudioPipeline.swift in Sources */,
				DF5829005938EED8C65185214C481FD2 /* AudioInputDeviceRepository.swift in Sources */,
				9DE5FE069A75FE11DE4AE0854FF2F89E /* RealtimeAudioCapture.swift in Sources */,
				862FFF15012E01BBBE2962CA1768F069 /* AppStoragePaths.swift in Sources */,
				99E2675202BF34250334AAF5547D46E1 /* AppInfo.swift in Sources */,
				EBA45D96442E96D2B200BA696234EA92 /* AppUpdateController.swift in Sources */,
				49AE26487B325A6CF33A6ED1DDE4B6F6 /* LongTaskStorage.swift in Sources */,
				2A44A7BDC9BFCBE2BB99617BACD21A67 /* SpeechModelStore.swift in Sources */,
				89CE6F2B818C76CEFAEBD9BF909A0115 /* WhisperModelManager.swift in Sources */,
				8A310F1303B2C6A95D4D27DB5F7F2689 /* WhisperEngine.swift in Sources */,
				2BBD8D22B054779376160DFCBEF033D7 /* StreamingText.swift in Sources */,
				1E489B7AA3DDE23BEFFCD2FA161D5EEF /* SherpaOnnxEngine.swift in Sources */,
				01BF0B333D8C4F48F50F1E3CDA699A0C /* RecoveryStore.swift in Sources */,
				D2ADCF70B257254BEEB0B491372E3810 /* ExportService.swift in Sources */,
				98036E0DF937108175BA013223DE8819 /* TranscriptImport.swift in Sources */,
				F64636BFF860BCC091224DFEC0AB2B49 /* TranscriptionSessionModel.swift in Sources */,
				9D501CB2E3657557B57D16A21BF24AC4 /* CLIController.swift in Sources */,
				023AE93FA79C656421B94B7B55A50A82 /* AppleTranslation.swift in Sources */,
				0AEFA0750F08170E1EAC2F603705D103 /* NLLBTranslation.swift in Sources */,
				77FA567A6BF36C3D60FCC23767E9E77E /* NLLBModelManager.swift in Sources */,
				DCDF67B1673EB016191AFA8DCDE32483 /* GemmaModelManager.swift in Sources */,
				FEDAE1960B78A981CD57433F67C391BF /* GemmaOptimization.swift in Sources */,
				E3131FB0E8B608EB9FAA52F93D42A677 /* AIPromptPreferences.swift in Sources */,
				EC70D442429504DB06B230F4B6395133 /* LiveCaptionController.swift in Sources */,
				42FC5B90BDD4791D5654EC25C03FD784 /* RootView.swift in Sources */,
				2B6145F161480E7F47B65FC2246A86D9 /* InterfaceStyles.swift in Sources */,
				14160AC5385A1D9E7716791F5B22FF92 /* StartView.swift in Sources */,
				3DFF8299F232E4D464741C32CADF2248 /* TranscriptionView.swift in Sources */,
				0D4889CC689B18AC3CDB63768BB687F3 /* TranscriptEditingView.swift in Sources */,
				81234F01793010BDE96A22BBE85B29A3 /* LiveCaptionPanelView.swift in Sources */,
				186C49F54581716AA14F8C4E50B90542 /* SettingsView.swift in Sources */,
				43C651165C407E050AB05194891C32A2 /* AIPromptEditorView.swift in Sources */,
			);
			runOnlyForDeploymentPostprocessing = 0;
		};
/* End PBXSourcesBuildPhase section */

/* Begin PBXTargetDependency section */
		DE1C90ADC8DB7D51A5B5D91255C3F90B /* PBXTargetDependency */ = {
			isa = PBXTargetDependency;
			name = LocalScribe;
			target = A5F143C9ABB022B03DE0C0E26204A033 /* LocalScribe */;
			targetProxy = C18566198DE21F493C4E28CBC830B8E9 /* PBXContainerItemProxy */;
		};
/* End PBXTargetDependency section */

/* Begin PBXVariantGroup section */
		A37B969B226496AC6DEFAD2B6DBD6CF9 /* InfoPlist.strings */ = {
			isa = PBXVariantGroup;
			children = (
				A41F4CD6C7BA7210C12C65A0480F5042 /* zh-Hans */,
				9CDD832FECC662084DB15E5AEEC1D681 /* en */,
			);
			name = InfoPlist.strings;
			sourceTree = "<group>";
		};
		AE3A5F38868078710DD659D0755FCB47 /* Localizable.strings */ = {
			isa = PBXVariantGroup;
			children = (
				08D800BABF992C4DE2572EFDC9AF47F6 /* zh-Hans */,
				9B6C07466D6DC57AD9849D7BCB9149A5 /* en */,
			);
			name = Localizable.strings;
			sourceTree = "<group>";
		};
/* End PBXVariantGroup section */

/* Begin XCBuildConfiguration section */
		390B4E63122EC5FF30C8C33E6FAF37A0 /* Release */ = {
			isa = XCBuildConfiguration;
			buildSettings = {
				ALWAYS_SEARCH_USER_PATHS = NO;
				CLANG_ANALYZER_NONNULL = YES;
				CLANG_ANALYZER_NUMBER_OBJECT_CONVERSION = YES_AGGRESSIVE;
				CLANG_CXX_LANGUAGE_STANDARD = "gnu++14";
				CLANG_CXX_LIBRARY = "libc++";
				CLANG_ENABLE_MODULES = YES;
				CLANG_ENABLE_OBJC_ARC = YES;
				CLANG_ENABLE_OBJC_WEAK = YES;
				CLANG_WARN_BLOCK_CAPTURE_AUTORELEASING = YES;
				CLANG_WARN_BOOL_CONVERSION = YES;
				CLANG_WARN_COMMA = YES;
				CLANG_WARN_CONSTANT_CONVERSION = YES;
				CLANG_WARN_DEPRECATED_OBJC_IMPLEMENTATIONS = YES;
				CLANG_WARN_DIRECT_OBJC_ISA_USAGE = YES_ERROR;
				CLANG_WARN_DOCUMENTATION_COMMENTS = YES;
				CLANG_WARN_EMPTY_BODY = YES;
				CLANG_WARN_ENUM_CONVERSION = YES;
				CLANG_WARN_INFINITE_RECURSION = YES;
				CLANG_WARN_INT_CONVERSION = YES;
				CLANG_WARN_NON_LITERAL_NULL_CONVERSION = YES;
				CLANG_WARN_OBJC_IMPLICIT_RETAIN_SELF = YES;
				CLANG_WARN_OBJC_LITERAL_CONVERSION = YES;
				CLANG_WARN_OBJC_ROOT_CLASS = YES_ERROR;
				CLANG_WARN_QUOTED_INCLUDE_IN_FRAMEWORK_HEADER = YES;
				CLANG_WARN_RANGE_LOOP_ANALYSIS = YES;
				CLANG_WARN_STRICT_PROTOTYPES = YES;
				CLANG_WARN_SUSPICIOUS_MOVE = YES;
				CLANG_WARN_UNGUARDED_AVAILABILITY = YES_AGGRESSIVE;
				CLANG_WARN_UNREACHABLE_CODE = YES;
				CLANG_WARN__DUPLICATE_METHOD_MATCH = YES;
				COPY_PHASE_STRIP = NO;
				DEBUG_INFORMATION_FORMAT = "dwarf-with-dsym";
				ENABLE_NS_ASSERTIONS = NO;
				ENABLE_STRICT_OBJC_MSGSEND = YES;
				GCC_C_LANGUAGE_STANDARD = gnu11;
				GCC_NO_COMMON_BLOCKS = YES;
				GCC_WARN_64_TO_32_BIT_CONVERSION = YES;
				GCC_WARN_ABOUT_RETURN_TYPE = YES_ERROR;
				GCC_WARN_UNDECLARED_SELECTOR = YES;
				GCC_WARN_UNINITIALIZED_AUTOS = YES_AGGRESSIVE;
				GCC_WARN_UNUSED_FUNCTION = YES;
				GCC_WARN_UNUSED_VARIABLE = YES;
				MACOSX_DEPLOYMENT_TARGET = 15.5;
				MTL_ENABLE_DEBUG_INFO = NO;
				MTL_FAST_MATH = YES;
				PRODUCT_NAME = "$(TARGET_NAME)";
				SWIFT_COMPILATION_MODE = wholemodule;
				SWIFT_OPTIMIZATION_LEVEL = "-O";
				SWIFT_VERSION = 5.0;
			};
			name = Release;
		};
		69830A8BCAD2895224FEA9F7FED3AE92 /* Release */ = {
			isa = XCBuildConfiguration;
			buildSettings = {
				BUNDLE_LOADER = "$(TEST_HOST)";
				CODE_SIGNING_ALLOWED = NO;
				GENERATE_INFOPLIST_FILE = YES;
				HEADER_SEARCH_PATHS = (
					"$(inherited)",
					"$(PROJECT_DIR)/Vendor/WhisperMetal/include",
				);
				LIBRARY_SEARCH_PATHS = (
					"$(inherited)",
					"$(PROJECT_DIR)/Vendor/WhisperMetal/lib",
				);
				MACOSX_DEPLOYMENT_TARGET = 15.5;
				PRODUCT_BUNDLE_IDENTIFIER = ca.lixinchen.localscribe.tests;
				SDKROOT = macosx;
				SWIFT_VERSION = 5.0;
				TEST_HOST = "$(BUILT_PRODUCTS_DIR)/LocalScribe.app/Contents/MacOS/LocalScribe";
			};
			name = Release;
		};
		A344A5A9242D0ABBE408296357A3A8F6 /* Release */ = {
			isa = XCBuildConfiguration;
			buildSettings = {
				ARCHS = arm64;
				ASSETCATALOG_COMPILER_APPICON_NAME = AppIcon;
				ASSETCATALOG_COMPILER_GLOBAL_ACCENT_COLOR_NAME = AccentColor;
				CODE_SIGN_ENTITLEMENTS = LocalScribe/Resources/LocalScribe.entitlements;
				CODE_SIGN_IDENTITY = "-";
				CODE_SIGN_INJECT_BASE_ENTITLEMENTS = NO;
				CODE_SIGN_STYLE = Automatic;
				COMBINE_HIDPI_IMAGES = YES;
				DEVELOPMENT_TEAM = "";
				ENABLE_APP_SANDBOX = NO;
				ENABLE_HARDENED_RUNTIME = YES;
				ENABLE_USER_SELECTED_FILES = readwrite;
				GENERATE_INFOPLIST_FILE = NO;
				HEADER_SEARCH_PATHS = (
					"$(inherited)",
					"$(PROJECT_DIR)/Vendor/WhisperMetal/include",
				);
				INFOPLIST_FILE = LocalScribe/Resources/Info.plist;
				LD_RUNPATH_SEARCH_PATHS = "$(inherited) @executable_path/../Frameworks";
				LIBRARY_SEARCH_PATHS = (
					"$(inherited)",
					"$(PROJECT_DIR)/Vendor/WhisperMetal/lib",
				);
				MACOSX_DEPLOYMENT_TARGET = 15.5;
				OTHER_LDFLAGS = (
					"$(inherited)",
					"-lc++",
				);
				PRODUCT_BUNDLE_IDENTIFIER = ca.lixinchen.localscribe;
				PRODUCT_NAME = LocalScribe;
				SDKROOT = macosx;
				SWIFT_EMIT_LOC_STRINGS = YES;
				SWIFT_STRICT_CONCURRENCY = targeted;
			};
			name = Release;
		};
		C1C2DC25E628A7983B2E51979890FF8E /* Debug */ = {
			isa = XCBuildConfiguration;
			buildSettings = {
				ALWAYS_SEARCH_USER_PATHS = NO;
				CLANG_ANALYZER_NONNULL = YES;
				CLANG_ANALYZER_NUMBER_OBJECT_CONVERSION = YES_AGGRESSIVE;
				CLANG_CXX_LANGUAGE_STANDARD = "gnu++14";
				CLANG_CXX_LIBRARY = "libc++";
				CLANG_ENABLE_MODULES = YES;
				CLANG_ENABLE_OBJC_ARC = YES;
				CLANG_ENABLE_OBJC_WEAK = YES;
				CLANG_WARN_BLOCK_CAPTURE_AUTORELEASING = YES;
				CLANG_WARN_BOOL_CONVERSION = YES;
				CLANG_WARN_COMMA = YES;
				CLANG_WARN_CONSTANT_CONVERSION = YES;
				CLANG_WARN_DEPRECATED_OBJC_IMPLEMENTATIONS = YES;
				CLANG_WARN_DIRECT_OBJC_ISA_USAGE = YES_ERROR;
				CLANG_WARN_DOCUMENTATION_COMMENTS = YES;
				CLANG_WARN_EMPTY_BODY = YES;
				CLANG_WARN_ENUM_CONVERSION = YES;
				CLANG_WARN_INFINITE_RECURSION = YES;
				CLANG_WARN_INT_CONVERSION = YES;
				CLANG_WARN_NON_LITERAL_NULL_CONVERSION = YES;
				CLANG_WARN_OBJC_IMPLICIT_RETAIN_SELF = YES;
				CLANG_WARN_OBJC_LITERAL_CONVERSION = YES;
				CLANG_WARN_OBJC_ROOT_CLASS = YES_ERROR;
				CLANG_WARN_QUOTED_INCLUDE_IN_FRAMEWORK_HEADER = YES;
				CLANG_WARN_RANGE_LOOP_ANALYSIS = YES;
				CLANG_WARN_STRICT_PROTOTYPES = YES;
				CLANG_WARN_SUSPICIOUS_MOVE = YES;
				CLANG_WARN_UNGUARDED_AVAILABILITY = YES_AGGRESSIVE;
				CLANG_WARN_UNREACHABLE_CODE = YES;
				CLANG_WARN__DUPLICATE_METHOD_MATCH = YES;
				COPY_PHASE_STRIP = NO;
				DEBUG_INFORMATION_FORMAT = dwarf;
				ENABLE_STRICT_OBJC_MSGSEND = YES;
				ENABLE_TESTABILITY = YES;
				GCC_C_LANGUAGE_STANDARD = gnu11;
				GCC_DYNAMIC_NO_PIC = NO;
				GCC_NO_COMMON_BLOCKS = YES;
				GCC_OPTIMIZATION_LEVEL = 0;
				GCC_PREPROCESSOR_DEFINITIONS = (
					"DEBUG=1",
					"$(inherited)",
				);
				GCC_WARN_64_TO_32_BIT_CONVERSION = YES;
				GCC_WARN_ABOUT_RETURN_TYPE = YES_ERROR;
				GCC_WARN_UNDECLARED_SELECTOR = YES;
				GCC_WARN_UNINITIALIZED_AUTOS = YES_AGGRESSIVE;
				GCC_WARN_UNUSED_FUNCTION = YES;
				GCC_WARN_UNUSED_VARIABLE = YES;
				MACOSX_DEPLOYMENT_TARGET = 15.5;
				MTL_ENABLE_DEBUG_INFO = INCLUDE_SOURCE;
				MTL_FAST_MATH = YES;
				ONLY_ACTIVE_ARCH = YES;
				PRODUCT_NAME = "$(TARGET_NAME)";
				SWIFT_ACTIVE_COMPILATION_CONDITIONS = DEBUG;
				SWIFT_OPTIMIZATION_LEVEL = "-Onone";
				SWIFT_VERSION = 5.0;
			};
			name = Debug;
		};
		E7F6BC25180CD306C85F3517F0E2CCAA /* Debug */ = {
			isa = XCBuildConfiguration;
			buildSettings = {
				BUNDLE_LOADER = "$(TEST_HOST)";
				CODE_SIGNING_ALLOWED = NO;
				GENERATE_INFOPLIST_FILE = YES;
				HEADER_SEARCH_PATHS = (
					"$(inherited)",
					"$(PROJECT_DIR)/Vendor/WhisperMetal/include",
				);
				LIBRARY_SEARCH_PATHS = (
					"$(inherited)",
					"$(PROJECT_DIR)/Vendor/WhisperMetal/lib",
				);
				MACOSX_DEPLOYMENT_TARGET = 15.5;
				PRODUCT_BUNDLE_IDENTIFIER = ca.lixinchen.localscribe.tests;
				SDKROOT = macosx;
				SWIFT_VERSION = 5.0;
				TEST_HOST = "$(BUILT_PRODUCTS_DIR)/LocalScribe.app/Contents/MacOS/LocalScribe";
			};
			name = Debug;
		};
		F8BEA1E722C9F545569A0B25F3165929 /* Debug */ = {
			isa = XCBuildConfiguration;
			buildSettings = {
				ARCHS = arm64;
				ASSETCATALOG_COMPILER_APPICON_NAME = AppIcon;
				ASSETCATALOG_COMPILER_GLOBAL_ACCENT_COLOR_NAME = AccentColor;
				CODE_SIGN_ENTITLEMENTS = LocalScribe/Resources/LocalScribe.entitlements;
				CODE_SIGN_IDENTITY = "-";
				CODE_SIGN_INJECT_BASE_ENTITLEMENTS = NO;
				CODE_SIGN_STYLE = Automatic;
				COMBINE_HIDPI_IMAGES = YES;
				DEVELOPMENT_TEAM = "";
				ENABLE_APP_SANDBOX = NO;
				ENABLE_HARDENED_RUNTIME = YES;
				ENABLE_USER_SELECTED_FILES = readwrite;
				GENERATE_INFOPLIST_FILE = NO;
				HEADER_SEARCH_PATHS = (
					"$(inherited)",
					"$(PROJECT_DIR)/Vendor/WhisperMetal/include",
				);
				INFOPLIST_FILE = LocalScribe/Resources/Info.plist;
				LD_RUNPATH_SEARCH_PATHS = "$(inherited) @executable_path/../Frameworks";
				LIBRARY_SEARCH_PATHS = (
					"$(inherited)",
					"$(PROJECT_DIR)/Vendor/WhisperMetal/lib",
				);
				MACOSX_DEPLOYMENT_TARGET = 15.5;
				OTHER_LDFLAGS = (
					"$(inherited)",
					"-lc++",
				);
				PRODUCT_BUNDLE_IDENTIFIER = ca.lixinchen.localscribe;
				PRODUCT_NAME = LocalScribe;
				SDKROOT = macosx;
				SWIFT_EMIT_LOC_STRINGS = YES;
				SWIFT_STRICT_CONCURRENCY = targeted;
			};
			name = Debug;
		};
/* End XCBuildConfiguration section */

/* Begin XCConfigurationList section */
		4E51090639C712B521711AF19489A9A9 /* Build configuration list for PBXNativeTarget "LocalScribeTests" */ = {
			isa = XCConfigurationList;
			buildConfigurations = (
				69830A8BCAD2895224FEA9F7FED3AE92 /* Release */,
				E7F6BC25180CD306C85F3517F0E2CCAA /* Debug */,
			);
			defaultConfigurationIsVisible = 0;
			defaultConfigurationName = Release;
		};
		64A7B88D8F5B6295697B9232D499DEE6 /* Build configuration list for PBXNativeTarget "LocalScribe" */ = {
			isa = XCConfigurationList;
			buildConfigurations = (
				A344A5A9242D0ABBE408296357A3A8F6 /* Release */,
				F8BEA1E722C9F545569A0B25F3165929 /* Debug */,
			);
			defaultConfigurationIsVisible = 0;
			defaultConfigurationName = Release;
		};
		A7596FCAAA538316FC85D639DDD763C5 /* Build configuration list for PBXProject "LocalScribe" */ = {
			isa = XCConfigurationList;
			buildConfigurations = (
				C1C2DC25E628A7983B2E51979890FF8E /* Debug */,
				390B4E63122EC5FF30C8C33E6FAF37A0 /* Release */,
			);
			defaultConfigurationIsVisible = 0;
			defaultConfigurationName = Release;
		};
/* End XCConfigurationList section */
	};
	rootObject = 0320CDC20F8377D44960ACDD5AFF2AD7 /* Project object */;
}
