// !$*UTF8*$!
{
	archiveVersion = 1;
	classes = {
	};
	objectVersion = 46;
	objects = {

/* Begin PBXBuildFile section */
		0B1DEDA2C8AFC85F9F4F306C /* RecoveryStore.swift in Sources */ = {isa = PBXBuildFile; fileRef = FD53E5596C86BF3BE3D150C9 /* RecoveryStore.swift */; };
		152385AAC8DC51060857CEE5 /* RootView.swift in Sources */ = {isa = PBXBuildFile; fileRef = F92008413135DBCFFE273766 /* RootView.swift */; };
		16616B59977A2ECAB2F63FFB /* libWhisperMetal.a in Frameworks */ = {isa = PBXBuildFile; fileRef = C5ADAEA9B009DB46130F3EA0 /* libWhisperMetal.a */; };
		17D0DD0456E5E3B265D196B3 /* ExportService.swift in Sources */ = {isa = PBXBuildFile; fileRef = 8294DD23B08A7E320459E0F2 /* ExportService.swift */; };
		1E898C9A3E6BC4F7679C8597 /* Cocoa.framework in Frameworks */ = {isa = PBXBuildFile; fileRef = E96C8B408836F2EE89437EF9 /* Cocoa.framework */; };
		241A6CD74441713CD95F5799 /* NLLBTranslation.swift in Sources */ = {isa = PBXBuildFile; fileRef = 2A8706F6576ED4C726BDC44E /* NLLBTranslation.swift */; };
		26A4CC736CB0C1506FBCB3E3 /* Metal.framework in Frameworks */ = {isa = PBXBuildFile; fileRef = B424B3E367D1F01DE6490AA8 /* Metal.framework */; };
		2A49AF2C392B5552D0DA2CDA /* TranscriptionSessionModel.swift in Sources */ = {isa = PBXBuildFile; fileRef = 8789EE6E47D7347066403B78 /* TranscriptionSessionModel.swift */; };
		2E800F1E7E1E0FA20BE2BEF5 /* SettingsView.swift in Sources */ = {isa = PBXBuildFile; fileRef = C490A4A221AA46D99ED7E6AE /* SettingsView.swift */; };
		3B718C0775B1F55A9C073364 /* StreamingText.swift in Sources */ = {isa = PBXBuildFile; fileRef = 4086A1866E33271DC17092F5 /* StreamingText.swift */; };
		3C4028F6D3C8AA075B6E8DFE /* WhisperModelManager.swift in Sources */ = {isa = PBXBuildFile; fileRef = 984BDA1CC638325E4B94525E /* WhisperModelManager.swift */; };
		4C2B1DE1E38CA48BD3F74117 /* SpeechModelStore.swift in Sources */ = {isa = PBXBuildFile; fileRef = E287F0424D98B9E97D7D294B /* SpeechModelStore.swift */; };
		4EA4ACA1CF403B1A11745184 /* SherpaOnnx in Resources */ = {isa = PBXBuildFile; fileRef = 604475DFA54E51AF1FD662E0 /* SherpaOnnx */; };
		4EAFA6370D1FA7FBBEB6918F /* AppStoragePaths.swift in Sources */ = {isa = PBXBuildFile; fileRef = AAA4015DFA53C76F22CC5AB6 /* AppStoragePaths.swift */; };
		4EBD2E8629C479280B9360CF /* Localizable.strings in Resources */ = {isa = PBXBuildFile; fileRef = DBD4E860FD70E0B56AD14F62 /* Localizable.strings */; };
		55057A532BE8857B4405B90C /* Accelerate.framework in Frameworks */ = {isa = PBXBuildFile; fileRef = D3CE5ED27F080E248A478C4A /* Accelerate.framework */; };
		58F4747B053B0B549A832B52 /* Assets.xcassets in Resources */ = {isa = PBXBuildFile; fileRef = 0BADCFC9195C089D8E93911C /* Assets.xcassets */; };
		59B289819B86FC9341FC2B03 /* TranscriptImportAndEditingTests.swift in Sources */ = {isa = PBXBuildFile; fileRef = 3BFAA2A889DD779D213D5D18 /* TranscriptImportAndEditingTests.swift */; };
		61D139D68E9B15ABB38E3E77 /* AudioPipeline.swift in Sources */ = {isa = PBXBuildFile; fileRef = DF05C1E2D1CE38EF0694506D /* AudioPipeline.swift */; };
		6220397FBA4FC12804805232 /* WhisperEngine.swift in Sources */ = {isa = PBXBuildFile; fileRef = 5B3DF841D8D9C81BF07F60C5 /* WhisperEngine.swift */; };
		62C8AB9E13D7961FAE784F76 /* TranscriptEditingView.swift in Sources */ = {isa = PBXBuildFile; fileRef = 172F430D3D1BC134C74C8096 /* TranscriptEditingView.swift */; };
		644AA65601365A5F288915F0 /* NLLBTranslator in Resources */ = {isa = PBXBuildFile; fileRef = E552024D300A596D16386DE7 /* NLLBTranslator */; };
		64B50A21917D91439A3884EC /* Speech.framework in Frameworks */ = {isa = PBXBuildFile; fileRef = E74074DCABE97F31EE4586B7 /* Speech.framework */; };
		6C3219801D05745FA55C0EF5 /* LiveCaptionPanelView.swift in Sources */ = {isa = PBXBuildFile; fileRef = 509916D7A40A6A2EE1018C7A /* LiveCaptionPanelView.swift */; };
		707F3830CDDE322D7E499FD4 /* WhisperVAD in Resources */ = {isa = PBXBuildFile; fileRef = 11FEADC001E5DBA61D115EE6 /* WhisperVAD */; };
		797A8E10976A2B1D12E7EE80 /* TranscriptionView.swift in Sources */ = {isa = PBXBuildFile; fileRef = F4CF0BC233317D2B7C1A18BE /* TranscriptionView.swift */; };
		7C5362C035583F830AF186E2 /* LocalScribeApp.swift in Sources */ = {isa = PBXBuildFile; fileRef = 3FF9412C356F1D56EB3390D9 /* LocalScribeApp.swift */; };
		7DB79933DDED0C34C6394893 /* StartView.swift in Sources */ = {isa = PBXBuildFile; fileRef = 68A7CB77BB786C59658227FB /* StartView.swift */; };
		8035559961C77281D0EAA245 /* ScreenCaptureKit.framework in Frameworks */ = {isa = PBXBuildFile; fileRef = FC1DD890AAB399EFB9CB7ADC /* ScreenCaptureKit.framework */; };
		8E5115669CB4A8503390FF18 /* AppInfo.swift in Sources */ = {isa = PBXBuildFile; fileRef = E6C8157BC904B87D80502204 /* AppInfo.swift */; };
		920554758F57010521986D1D /* TranscriptImport.swift in Sources */ = {isa = PBXBuildFile; fileRef = 06AFA3CB715CC13013F1F0E8 /* TranscriptImport.swift */; };
		97402E8C74B7BB29A711778C /* AVFoundation.framework in Frameworks */ = {isa = PBXBuildFile; fileRef = F5EA53C605951EF83D8C5AA7 /* AVFoundation.framework */; };
		A0106387E7BD68127AD9CC26 /* LiveCaptionController.swift in Sources */ = {isa = PBXBuildFile; fileRef = 7770ADD7CF761D5A18DD89A8 /* LiveCaptionController.swift */; };
		A2BCC14E02C855EFF70E7244 /* Localization.swift in Sources */ = {isa = PBXBuildFile; fileRef = 555484F6DB9A02B776C1F0B3 /* Localization.swift */; };
		A94C33E1CBAD0F930EBABF2C /* TranslationStructureTests.swift in Sources */ = {isa = PBXBuildFile; fileRef = 692552CDC7FB1668F0C82BF9 /* TranslationStructureTests.swift */; };
		AB0C3767C261B40A32B417A1 /* CLIController.swift in Sources */ = {isa = PBXBuildFile; fileRef = 44D9B63F3D774368BB2A4447 /* CLIController.swift */; };
		ABDF4698DCBA86196428A11F /* TranscriptionModels.swift in Sources */ = {isa = PBXBuildFile; fileRef = C7A473D4A3EBE5A5E5E90954 /* TranscriptionModels.swift */; };
		B046B0D7E85345C1549868A5 /* AppUpdateController.swift in Sources */ = {isa = PBXBuildFile; fileRef = A23C2BD1603E9A9864AABE4C /* AppUpdateController.swift */; };
		C1A50318C4FB5826F587158E /* NLLBModelManager.swift in Sources */ = {isa = PBXBuildFile; fileRef = 91D072D9BA84B80EA6BB22D1 /* NLLBModelManager.swift */; };
		D0A492E7BFEEC7D2C37D764A /* LongTaskStorageTests.swift in Sources */ = {isa = PBXBuildFile; fileRef = 53BB3903062D2C8474129324 /* LongTaskStorageTests.swift */; };
		D5EDE1D65DE5CBEAFE652C97 /* WhisperPipelineTests.swift in Sources */ = {isa = PBXBuildFile; fileRef = CA227F7F78986602C4E7C258 /* WhisperPipelineTests.swift */; };
		D63B171A219D48F2D43D070A /* CoreText.framework in Frameworks */ = {isa = PBXBuildFile; fileRef = CD0FF3B3279BB4446EEE8716 /* CoreText.framework */; };
		D9D69F6269E7D2D6F856A08B /* LocalizationTests.swift in Sources */ = {isa = PBXBuildFile; fileRef = D9234905876BB5E8FB45EE95 /* LocalizationTests.swift */; };
		E28EBD7FF411748ACC462CDE /* LanguageCatalog.swift in Sources */ = {isa = PBXBuildFile; fileRef = 2EA7B66781B7F28C17E8BACF /* LanguageCatalog.swift */; };
		E5C985F882AEC59FF8166937 /* SherpaOnnxEngine.swift in Sources */ = {isa = PBXBuildFile; fileRef = C83A83F1DFD064DE86D3AF2D /* SherpaOnnxEngine.swift */; };
		E5CB841BB892BE9EB440F195 /* Cocoa.framework in Frameworks */ = {isa = PBXBuildFile; fileRef = E96C8B408836F2EE89437EF9 /* Cocoa.framework */; };
		EB2139E71DA0D9D09F5B15BB /* Translation.framework in Frameworks */ = {isa = PBXBuildFile; fileRef = FE9918F72D61C6B5F8939DBF /* Translation.framework */; };
		F55D0FF36E2F898D9BB395C1 /* AppleTranslation.swift in Sources */ = {isa = PBXBuildFile; fileRef = 4808C38D10D1CF7CA5189199 /* AppleTranslation.swift */; };
		FB46D506E8E9001EE1E2DBA9 /* LongTaskStorage.swift in Sources */ = {isa = PBXBuildFile; fileRef = F8A919D7091177C3AA74D5D5 /* LongTaskStorage.swift */; };
		FD2B348154CA8E3D98C148A6 /* InfoPlist.strings in Resources */ = {isa = PBXBuildFile; fileRef = 07C9AFFEBB8DC8E5552D3F8E /* InfoPlist.strings */; };
/* End PBXBuildFile section */

/* Begin PBXContainerItemProxy section */
		07AF38D7D77D75DD00C3DAEC /* PBXContainerItemProxy */ = {
			isa = PBXContainerItemProxy;
			containerPortal = E3F588AA326528C9280834AA /* Project object */;
			proxyType = 1;
			remoteGlobalIDString = 1E0B5DBD4D2057F50E1BB5F5;
			remoteInfo = LocalScribe;
		};
/* End PBXContainerItemProxy section */

/* Begin PBXFileReference section */
		06AFA3CB715CC13013F1F0E8 /* TranscriptImport.swift */ = {isa = PBXFileReference; includeInIndex = 1; lastKnownFileType = sourcecode.swift; name = TranscriptImport.swift; path = Services/TranscriptImport.swift; sourceTree = "<group>"; };
		0BADCFC9195C089D8E93911C /* Assets.xcassets */ = {isa = PBXFileReference; includeInIndex = 1; lastKnownFileType = folder.assetcatalog; path = Assets.xcassets; sourceTree = "<group>"; };
		11FEADC001E5DBA61D115EE6 /* WhisperVAD */ = {isa = PBXFileReference; includeInIndex = 1; lastKnownFileType = folder; path = WhisperVAD; sourceTree = "<group>"; };
		172F430D3D1BC134C74C8096 /* TranscriptEditingView.swift */ = {isa = PBXFileReference; includeInIndex = 1; lastKnownFileType = sourcecode.swift; name = TranscriptEditingView.swift; path = Views/TranscriptEditingView.swift; sourceTree = "<group>"; };
		2A8706F6576ED4C726BDC44E /* NLLBTranslation.swift */ = {isa = PBXFileReference; includeInIndex = 1; lastKnownFileType = sourcecode.swift; name = NLLBTranslation.swift; path = Services/NLLBTranslation.swift; sourceTree = "<group>"; };
		2C0D75860FEDD9C041C54F7E /* zh-Hans */ = {isa = PBXFileReference; includeInIndex = 1; lastKnownFileType = text.plist.strings; name = "zh-Hans"; path = "zh-Hans.lproj/InfoPlist.strings"; sourceTree = "<group>"; };
		2EA7B66781B7F28C17E8BACF /* LanguageCatalog.swift */ = {isa = PBXFileReference; includeInIndex = 1; lastKnownFileType = sourcecode.swift; name = LanguageCatalog.swift; path = Services/LanguageCatalog.swift; sourceTree = "<group>"; };
		32C70B8A1AC0F9C99835A95F /* Info.plist */ = {isa = PBXFileReference; includeInIndex = 1; lastKnownFileType = text.plist.xml; path = Info.plist; sourceTree = "<group>"; };
		3BFAA2A889DD779D213D5D18 /* TranscriptImportAndEditingTests.swift */ = {isa = PBXFileReference; includeInIndex = 1; lastKnownFileType = sourcecode.swift; path = TranscriptImportAndEditingTests.swift; sourceTree = "<group>"; };
		3FF9412C356F1D56EB3390D9 /* LocalScribeApp.swift */ = {isa = PBXFileReference; includeInIndex = 1; lastKnownFileType = sourcecode.swift; path = LocalScribeApp.swift; sourceTree = "<group>"; };
		4086A1866E33271DC17092F5 /* StreamingText.swift */ = {isa = PBXFileReference; includeInIndex = 1; lastKnownFileType = sourcecode.swift; name = StreamingText.swift; path = Services/StreamingText.swift; sourceTree = "<group>"; };
		44D9B63F3D774368BB2A4447 /* CLIController.swift */ = {isa = PBXFileReference; includeInIndex = 1; lastKnownFileType = sourcecode.swift; name = CLIController.swift; path = Services/CLIController.swift; sourceTree = "<group>"; };
		4808C38D10D1CF7CA5189199 /* AppleTranslation.swift */ = {isa = PBXFileReference; includeInIndex = 1; lastKnownFileType = sourcecode.swift; name = AppleTranslation.swift; path = Services/AppleTranslation.swift; sourceTree = "<group>"; };
		509916D7A40A6A2EE1018C7A /* LiveCaptionPanelView.swift */ = {isa = PBXFileReference; includeInIndex = 1; lastKnownFileType = sourcecode.swift; name = LiveCaptionPanelView.swift; path = Views/LiveCaptionPanelView.swift; sourceTree = "<group>"; };
		53BB3903062D2C8474129324 /* LongTaskStorageTests.swift */ = {isa = PBXFileReference; includeInIndex = 1; lastKnownFileType = sourcecode.swift; path = LongTaskStorageTests.swift; sourceTree = "<group>"; };
		555484F6DB9A02B776C1F0B3 /* Localization.swift */ = {isa = PBXFileReference; includeInIndex = 1; lastKnownFileType = sourcecode.swift; name = Localization.swift; path = Services/Localization.swift; sourceTree = "<group>"; };
		567572DC2AF8F1BEB9B684BA /* en */ = {isa = PBXFileReference; includeInIndex = 1; lastKnownFileType = text.plist.strings; name = en; path = en.lproj/InfoPlist.strings; sourceTree = "<group>"; };
		5B3DF841D8D9C81BF07F60C5 /* WhisperEngine.swift */ = {isa = PBXFileReference; includeInIndex = 1; lastKnownFileType = sourcecode.swift; name = WhisperEngine.swift; path = Services/WhisperEngine.swift; sourceTree = "<group>"; };
		604475DFA54E51AF1FD662E0 /* SherpaOnnx */ = {isa = PBXFileReference; includeInIndex = 1; lastKnownFileType = folder; path = SherpaOnnx; sourceTree = "<group>"; };
		68A7CB77BB786C59658227FB /* StartView.swift */ = {isa = PBXFileReference; includeInIndex = 1; lastKnownFileType = sourcecode.swift; name = StartView.swift; path = Views/StartView.swift; sourceTree = "<group>"; };
		692552CDC7FB1668F0C82BF9 /* TranslationStructureTests.swift */ = {isa = PBXFileReference; includeInIndex = 1; lastKnownFileType = sourcecode.swift; path = TranslationStructureTests.swift; sourceTree = "<group>"; };
		7770ADD7CF761D5A18DD89A8 /* LiveCaptionController.swift */ = {isa = PBXFileReference; includeInIndex = 1; lastKnownFileType = sourcecode.swift; name = LiveCaptionController.swift; path = Services/LiveCaptionController.swift; sourceTree = "<group>"; };
		8294DD23B08A7E320459E0F2 /* ExportService.swift */ = {isa = PBXFileReference; includeInIndex = 1; lastKnownFileType = sourcecode.swift; name = ExportService.swift; path = Services/ExportService.swift; sourceTree = "<group>"; };
		8789EE6E47D7347066403B78 /* TranscriptionSessionModel.swift */ = {isa = PBXFileReference; includeInIndex = 1; lastKnownFileType = sourcecode.swift; name = TranscriptionSessionModel.swift; path = Services/TranscriptionSessionModel.swift; sourceTree = "<group>"; };
		91D072D9BA84B80EA6BB22D1 /* NLLBModelManager.swift */ = {isa = PBXFileReference; includeInIndex = 1; lastKnownFileType = sourcecode.swift; name = NLLBModelManager.swift; path = Services/NLLBModelManager.swift; sourceTree = "<group>"; };
		984BDA1CC638325E4B94525E /* WhisperModelManager.swift */ = {isa = PBXFileReference; includeInIndex = 1; lastKnownFileType = sourcecode.swift; name = WhisperModelManager.swift; path = Services/WhisperModelManager.swift; sourceTree = "<group>"; };
		A23C2BD1603E9A9864AABE4C /* AppUpdateController.swift */ = {isa = PBXFileReference; includeInIndex = 1; lastKnownFileType = sourcecode.swift; name = AppUpdateController.swift; path = Services/AppUpdateController.swift; sourceTree = "<group>"; };
		A71247C3C7EEAEE1125ED4E6 /* LocalScribe.entitlements */ = {isa = PBXFileReference; includeInIndex = 1; lastKnownFileType = text.plist.entitlements; path = LocalScribe.entitlements; sourceTree = "<group>"; };
		AAA4015DFA53C76F22CC5AB6 /* AppStoragePaths.swift */ = {isa = PBXFileReference; includeInIndex = 1; lastKnownFileType = sourcecode.swift; name = AppStoragePaths.swift; path = Services/AppStoragePaths.swift; sourceTree = "<group>"; };
		AE90F15DF2A6C99BFAA03D30 /* 声迹.app */ = {isa = PBXFileReference; explicitFileType = wrapper.application; includeInIndex = 0; name = "声迹.app"; path = LocalScribe.app; sourceTree = BUILT_PRODUCTS_DIR; };
		B424B3E367D1F01DE6490AA8 /* Metal.framework */ = {isa = PBXFileReference; lastKnownFileType = wrapper.framework; name = Metal.framework; path = System/Library/Frameworks/Metal.framework; sourceTree = SDKROOT; };
		C490A4A221AA46D99ED7E6AE /* SettingsView.swift */ = {isa = PBXFileReference; includeInIndex = 1; lastKnownFileType = sourcecode.swift; name = SettingsView.swift; path = Views/SettingsView.swift; sourceTree = "<group>"; };
		C5ADAEA9B009DB46130F3EA0 /* libWhisperMetal.a */ = {isa = PBXFileReference; includeInIndex = 1; lastKnownFileType = archive.ar; name = libWhisperMetal.a; path = lib/libWhisperMetal.a; sourceTree = "<group>"; };
		C7A473D4A3EBE5A5E5E90954 /* TranscriptionModels.swift */ = {isa = PBXFileReference; includeInIndex = 1; lastKnownFileType = sourcecode.swift; name = TranscriptionModels.swift; path = Models/TranscriptionModels.swift; sourceTree = "<group>"; };
		C83A83F1DFD064DE86D3AF2D /* SherpaOnnxEngine.swift */ = {isa = PBXFileReference; includeInIndex = 1; lastKnownFileType = sourcecode.swift; name = SherpaOnnxEngine.swift; path = Services/SherpaOnnxEngine.swift; sourceTree = "<group>"; };
		CA227F7F78986602C4E7C258 /* WhisperPipelineTests.swift */ = {isa = PBXFileReference; includeInIndex = 1; lastKnownFileType = sourcecode.swift; path = WhisperPipelineTests.swift; sourceTree = "<group>"; };
		CD0FF3B3279BB4446EEE8716 /* CoreText.framework */ = {isa = PBXFileReference; lastKnownFileType = wrapper.framework; name = CoreText.framework; path = System/Library/Frameworks/CoreText.framework; sourceTree = SDKROOT; };
		D3CE5ED27F080E248A478C4A /* Accelerate.framework */ = {isa = PBXFileReference; lastKnownFileType = wrapper.framework; name = Accelerate.framework; path = System/Library/Frameworks/Accelerate.framework; sourceTree = SDKROOT; };
		D6804D7AC957599A4BC19F7D /* LocalScribeTests.xctest */ = {isa = PBXFileReference; explicitFileType = wrapper.cfbundle; includeInIndex = 0; path = LocalScribeTests.xctest; sourceTree = BUILT_PRODUCTS_DIR; };
		D9234905876BB5E8FB45EE95 /* LocalizationTests.swift */ = {isa = PBXFileReference; includeInIndex = 1; lastKnownFileType = sourcecode.swift; path = LocalizationTests.swift; sourceTree = "<group>"; };
		DF05C1E2D1CE38EF0694506D /* AudioPipeline.swift */ = {isa = PBXFileReference; includeInIndex = 1; lastKnownFileType = sourcecode.swift; name = AudioPipeline.swift; path = Services/AudioPipeline.swift; sourceTree = "<group>"; };
		DF84599517F4220E5DF19780 /* en */ = {isa = PBXFileReference; includeInIndex = 1; lastKnownFileType = text.plist.strings; name = en; path = en.lproj/Localizable.strings; sourceTree = "<group>"; };
		E287F0424D98B9E97D7D294B /* SpeechModelStore.swift */ = {isa = PBXFileReference; includeInIndex = 1; lastKnownFileType = sourcecode.swift; name = SpeechModelStore.swift; path = Services/SpeechModelStore.swift; sourceTree = "<group>"; };
		E4B1A879F619B7137069EE70 /* zh-Hans */ = {isa = PBXFileReference; includeInIndex = 1; lastKnownFileType = text.plist.strings; name = "zh-Hans"; path = "zh-Hans.lproj/Localizable.strings"; sourceTree = "<group>"; };
		E552024D300A596D16386DE7 /* NLLBTranslator */ = {isa = PBXFileReference; includeInIndex = 1; lastKnownFileType = folder; path = NLLBTranslator; sourceTree = "<group>"; };
		E6C8157BC904B87D80502204 /* AppInfo.swift */ = {isa = PBXFileReference; includeInIndex = 1; lastKnownFileType = sourcecode.swift; name = AppInfo.swift; path = Services/AppInfo.swift; sourceTree = "<group>"; };
		E74074DCABE97F31EE4586B7 /* Speech.framework */ = {isa = PBXFileReference; lastKnownFileType = wrapper.framework; name = Speech.framework; path = System/Library/Frameworks/Speech.framework; sourceTree = SDKROOT; };
		E96C8B408836F2EE89437EF9 /* Cocoa.framework */ = {isa = PBXFileReference; lastKnownFileType = wrapper.framework; name = Cocoa.framework; path = Platforms/MacOSX.platform/Developer/SDKs/MacOSX15.0.sdk/System/Library/Frameworks/Cocoa.framework; sourceTree = DEVELOPER_DIR; };
		F4CF0BC233317D2B7C1A18BE /* TranscriptionView.swift */ = {isa = PBXFileReference; includeInIndex = 1; lastKnownFileType = sourcecode.swift; name = TranscriptionView.swift; path = Views/TranscriptionView.swift; sourceTree = "<group>"; };
		F5EA53C605951EF83D8C5AA7 /* AVFoundation.framework */ = {isa = PBXFileReference; lastKnownFileType = wrapper.framework; name = AVFoundation.framework; path = System/Library/Frameworks/AVFoundation.framework; sourceTree = SDKROOT; };
		F8A919D7091177C3AA74D5D5 /* LongTaskStorage.swift */ = {isa = PBXFileReference; includeInIndex = 1; lastKnownFileType = sourcecode.swift; name = LongTaskStorage.swift; path = Services/LongTaskStorage.swift; sourceTree = "<group>"; };
		F92008413135DBCFFE273766 /* RootView.swift */ = {isa = PBXFileReference; includeInIndex = 1; lastKnownFileType = sourcecode.swift; name = RootView.swift; path = Views/RootView.swift; sourceTree = "<group>"; };
		FC1DD890AAB399EFB9CB7ADC /* ScreenCaptureKit.framework */ = {isa = PBXFileReference; lastKnownFileType = wrapper.framework; name = ScreenCaptureKit.framework; path = System/Library/Frameworks/ScreenCaptureKit.framework; sourceTree = SDKROOT; };
		FD53E5596C86BF3BE3D150C9 /* RecoveryStore.swift */ = {isa = PBXFileReference; includeInIndex = 1; lastKnownFileType = sourcecode.swift; name = RecoveryStore.swift; path = Services/RecoveryStore.swift; sourceTree = "<group>"; };
		FE9918F72D61C6B5F8939DBF /* Translation.framework */ = {isa = PBXFileReference; lastKnownFileType = wrapper.framework; name = Translation.framework; path = System/Library/Frameworks/Translation.framework; sourceTree = SDKROOT; };
/* End PBXFileReference section */

/* Begin PBXFrameworksBuildPhase section */
		040C9032085FA62492325D7E /* Frameworks */ = {
			isa = PBXFrameworksBuildPhase;
			buildActionMask = 2147483647;
			files = (
				E5CB841BB892BE9EB440F195 /* Cocoa.framework in Frameworks */,
			);
			runOnlyForDeploymentPostprocessing = 0;
		};
		FFAB9804EF49AD9893FF12D1 /* Frameworks */ = {
			isa = PBXFrameworksBuildPhase;
			buildActionMask = 2147483647;
			files = (
				1E898C9A3E6BC4F7679C8597 /* Cocoa.framework in Frameworks */,
				64B50A21917D91439A3884EC /* Speech.framework in Frameworks */,
				97402E8C74B7BB29A711778C /* AVFoundation.framework in Frameworks */,
				D63B171A219D48F2D43D070A /* CoreText.framework in Frameworks */,
				26A4CC736CB0C1506FBCB3E3 /* Metal.framework in Frameworks */,
				55057A532BE8857B4405B90C /* Accelerate.framework in Frameworks */,
				8035559961C77281D0EAA245 /* ScreenCaptureKit.framework in Frameworks */,
				EB2139E71DA0D9D09F5B15BB /* Translation.framework in Frameworks */,
				16616B59977A2ECAB2F63FFB /* libWhisperMetal.a in Frameworks */,
			);
			runOnlyForDeploymentPostprocessing = 0;
		};
/* End PBXFrameworksBuildPhase section */

/* Begin PBXGroup section */
		41022FD29284192B8D09BD85 /* WhisperMetal */ = {
			isa = PBXGroup;
			children = (
				C5ADAEA9B009DB46130F3EA0 /* libWhisperMetal.a */,
			);
			name = WhisperMetal;
			path = WhisperMetal;
			sourceTree = "<group>";
		};
		B72D6E0ACAC081843F92FEBA /* Products */ = {
			isa = PBXGroup;
			children = (
				AE90F15DF2A6C99BFAA03D30 /* 声迹.app */,
				D6804D7AC957599A4BC19F7D /* LocalScribeTests.xctest */,
			);
			name = Products;
			sourceTree = "<group>";
		};
		B91E6DACE296DFD22C6D8857 /* Vendor */ = {
			isa = PBXGroup;
			children = (
				41022FD29284192B8D09BD85 /* WhisperMetal */,
				11FEADC001E5DBA61D115EE6 /* WhisperVAD */,
				604475DFA54E51AF1FD662E0 /* SherpaOnnx */,
				E552024D300A596D16386DE7 /* NLLBTranslator */,
			);
			name = Vendor;
			path = Vendor;
			sourceTree = "<group>";
		};
		C76514183DE8497A8F503A34 /* OS X */ = {
			isa = PBXGroup;
			children = (
				E96C8B408836F2EE89437EF9 /* Cocoa.framework */,
			);
			name = "OS X";
			sourceTree = "<group>";
		};
		E37D7CFFCBCB909A03F76528 = {
			isa = PBXGroup;
			children = (
				B72D6E0ACAC081843F92FEBA /* Products */,
				E4561A0F223D34185D335FC2 /* Frameworks */,
				E8C0F08E9149AE5F8434BEAB /* LocalScribe */,
				EC278855C8300E71C1BA61BD /* LocalScribeTests */,
				B91E6DACE296DFD22C6D8857 /* Vendor */,
			);
			sourceTree = "<group>";
		};
		E4561A0F223D34185D335FC2 /* Frameworks */ = {
			isa = PBXGroup;
			children = (
				C76514183DE8497A8F503A34 /* OS X */,
				E74074DCABE97F31EE4586B7 /* Speech.framework */,
				F5EA53C605951EF83D8C5AA7 /* AVFoundation.framework */,
				CD0FF3B3279BB4446EEE8716 /* CoreText.framework */,
				B424B3E367D1F01DE6490AA8 /* Metal.framework */,
				D3CE5ED27F080E248A478C4A /* Accelerate.framework */,
				FC1DD890AAB399EFB9CB7ADC /* ScreenCaptureKit.framework */,
				FE9918F72D61C6B5F8939DBF /* Translation.framework */,
			);
			name = Frameworks;
			sourceTree = "<group>";
		};
		E89F23C3489307750E11705F /* Resources */ = {
			isa = PBXGroup;
			children = (
				32C70B8A1AC0F9C99835A95F /* Info.plist */,
				A71247C3C7EEAEE1125ED4E6 /* LocalScribe.entitlements */,
				DBD4E860FD70E0B56AD14F62 /* Localizable.strings */,
				07C9AFFEBB8DC8E5552D3F8E /* InfoPlist.strings */,
				0BADCFC9195C089D8E93911C /* Assets.xcassets */,
			);
			name = Resources;
			path = Resources;
			sourceTree = "<group>";
		};
		E8C0F08E9149AE5F8434BEAB /* LocalScribe */ = {
			isa = PBXGroup;
			children = (
				3FF9412C356F1D56EB3390D9 /* LocalScribeApp.swift */,
				C7A473D4A3EBE5A5E5E90954 /* TranscriptionModels.swift */,
				2EA7B66781B7F28C17E8BACF /* LanguageCatalog.swift */,
				555484F6DB9A02B776C1F0B3 /* Localization.swift */,
				DF05C1E2D1CE38EF0694506D /* AudioPipeline.swift */,
				AAA4015DFA53C76F22CC5AB6 /* AppStoragePaths.swift */,
				E6C8157BC904B87D80502204 /* AppInfo.swift */,
				A23C2BD1603E9A9864AABE4C /* AppUpdateController.swift */,
				F8A919D7091177C3AA74D5D5 /* LongTaskStorage.swift */,
				E287F0424D98B9E97D7D294B /* SpeechModelStore.swift */,
				984BDA1CC638325E4B94525E /* WhisperModelManager.swift */,
				5B3DF841D8D9C81BF07F60C5 /* WhisperEngine.swift */,
				4086A1866E33271DC17092F5 /* StreamingText.swift */,
				C83A83F1DFD064DE86D3AF2D /* SherpaOnnxEngine.swift */,
				FD53E5596C86BF3BE3D150C9 /* RecoveryStore.swift */,
				8294DD23B08A7E320459E0F2 /* ExportService.swift */,
				06AFA3CB715CC13013F1F0E8 /* TranscriptImport.swift */,
				8789EE6E47D7347066403B78 /* TranscriptionSessionModel.swift */,
				44D9B63F3D774368BB2A4447 /* CLIController.swift */,
				4808C38D10D1CF7CA5189199 /* AppleTranslation.swift */,
				2A8706F6576ED4C726BDC44E /* NLLBTranslation.swift */,
				91D072D9BA84B80EA6BB22D1 /* NLLBModelManager.swift */,
				7770ADD7CF761D5A18DD89A8 /* LiveCaptionController.swift */,
				F92008413135DBCFFE273766 /* RootView.swift */,
				68A7CB77BB786C59658227FB /* StartView.swift */,
				F4CF0BC233317D2B7C1A18BE /* TranscriptionView.swift */,
				172F430D3D1BC134C74C8096 /* TranscriptEditingView.swift */,
				509916D7A40A6A2EE1018C7A /* LiveCaptionPanelView.swift */,
				C490A4A221AA46D99ED7E6AE /* SettingsView.swift */,
				E89F23C3489307750E11705F /* Resources */,
			);
			name = LocalScribe;
			path = LocalScribe;
			sourceTree = "<group>";
		};
		EC278855C8300E71C1BA61BD /* LocalScribeTests */ = {
			isa = PBXGroup;
			children = (
				692552CDC7FB1668F0C82BF9 /* TranslationStructureTests.swift */,
				53BB3903062D2C8474129324 /* LongTaskStorageTests.swift */,
				CA227F7F78986602C4E7C258 /* WhisperPipelineTests.swift */,
				3BFAA2A889DD779D213D5D18 /* TranscriptImportAndEditingTests.swift */,
				D9234905876BB5E8FB45EE95 /* LocalizationTests.swift */,
			);
			name = LocalScribeTests;
			path = LocalScribeTests;
			sourceTree = "<group>";
		};
/* End PBXGroup section */

/* Begin PBXNativeTarget section */
		1E0B5DBD4D2057F50E1BB5F5 /* LocalScribe */ = {
			isa = PBXNativeTarget;
			buildConfigurationList = CD1DAA737D09C71A92CAB113 /* Build configuration list for PBXNativeTarget "LocalScribe" */;
			buildPhases = (
				94D2D2CBA9C0206DA09D9EF5 /* Sources */,
				FFAB9804EF49AD9893FF12D1 /* Frameworks */,
				6B14345615A610331B726D5D /* Resources */,
			);
			buildRules = (
			);
			dependencies = (
			);
			name = LocalScribe;
			productName = LocalScribe;
			productReference = AE90F15DF2A6C99BFAA03D30 /* 声迹.app */;
			productType = "com.apple.product-type.application";
		};
		92E54DE17BDD3F8209B4CFBF /* LocalScribeTests */ = {
			isa = PBXNativeTarget;
			buildConfigurationList = 701C0A74C669D849D77E3F98 /* Build configuration list for PBXNativeTarget "LocalScribeTests" */;
			buildPhases = (
				77B165B25B12D78E6520FC2B /* Sources */,
				040C9032085FA62492325D7E /* Frameworks */,
				5195F9F690A41933D75E5B2C /* Resources */,
			);
			buildRules = (
			);
			dependencies = (
				45975074498D16F48BF74A50 /* PBXTargetDependency */,
			);
			name = LocalScribeTests;
			productName = LocalScribeTests;
			productReference = D6804D7AC957599A4BC19F7D /* LocalScribeTests.xctest */;
			productType = "com.apple.product-type.bundle.unit-test";
		};
/* End PBXNativeTarget section */

/* Begin PBXProject section */
		E3F588AA326528C9280834AA /* Project object */ = {
			isa = PBXProject;
			attributes = {
				LastSwiftUpdateCheck = 2660;
				LastUpgradeCheck = 2660;
			};
			buildConfigurationList = 189016E89F10F03844FD5957 /* Build configuration list for PBXProject "LocalScribe" */;
			compatibilityVersion = "Xcode 3.2";
			developmentRegion = "zh-Hans";
			hasScannedForEncodings = 0;
			knownRegions = (
				"zh-Hans",
				en,
				Base,
			);
			mainGroup = E37D7CFFCBCB909A03F76528;
			minimizedProjectReferenceProxies = 0;
			preferredProjectObjectVersion = 77;
			productRefGroup = B72D6E0ACAC081843F92FEBA /* Products */;
			projectDirPath = "";
			projectRoot = "";
			targets = (
				1E0B5DBD4D2057F50E1BB5F5 /* LocalScribe */,
				92E54DE17BDD3F8209B4CFBF /* LocalScribeTests */,
			);
		};
/* End PBXProject section */

/* Begin PBXResourcesBuildPhase section */
		5195F9F690A41933D75E5B2C /* Resources */ = {
			isa = PBXResourcesBuildPhase;
			buildActionMask = 2147483647;
			files = (
			);
			runOnlyForDeploymentPostprocessing = 0;
		};
		6B14345615A610331B726D5D /* Resources */ = {
			isa = PBXResourcesBuildPhase;
			buildActionMask = 2147483647;
			files = (
				4EBD2E8629C479280B9360CF /* Localizable.strings in Resources */,
				FD2B348154CA8E3D98C148A6 /* InfoPlist.strings in Resources */,
				58F4747B053B0B549A832B52 /* Assets.xcassets in Resources */,
				707F3830CDDE322D7E499FD4 /* WhisperVAD in Resources */,
				4EA4ACA1CF403B1A11745184 /* SherpaOnnx in Resources */,
				644AA65601365A5F288915F0 /* NLLBTranslator in Resources */,
			);
			runOnlyForDeploymentPostprocessing = 0;
		};
/* End PBXResourcesBuildPhase section */

/* Begin PBXSourcesBuildPhase section */
		77B165B25B12D78E6520FC2B /* Sources */ = {
			isa = PBXSourcesBuildPhase;
			buildActionMask = 2147483647;
			files = (
				A94C33E1CBAD0F930EBABF2C /* TranslationStructureTests.swift in Sources */,
				D0A492E7BFEEC7D2C37D764A /* LongTaskStorageTests.swift in Sources */,
				D5EDE1D65DE5CBEAFE652C97 /* WhisperPipelineTests.swift in Sources */,
				59B289819B86FC9341FC2B03 /* TranscriptImportAndEditingTests.swift in Sources */,
				D9D69F6269E7D2D6F856A08B /* LocalizationTests.swift in Sources */,
			);
			runOnlyForDeploymentPostprocessing = 0;
		};
		94D2D2CBA9C0206DA09D9EF5 /* Sources */ = {
			isa = PBXSourcesBuildPhase;
			buildActionMask = 2147483647;
			files = (
				7C5362C035583F830AF186E2 /* LocalScribeApp.swift in Sources */,
				ABDF4698DCBA86196428A11F /* TranscriptionModels.swift in Sources */,
				E28EBD7FF411748ACC462CDE /* LanguageCatalog.swift in Sources */,
				A2BCC14E02C855EFF70E7244 /* Localization.swift in Sources */,
				61D139D68E9B15ABB38E3E77 /* AudioPipeline.swift in Sources */,
				4EAFA6370D1FA7FBBEB6918F /* AppStoragePaths.swift in Sources */,
				8E5115669CB4A8503390FF18 /* AppInfo.swift in Sources */,
				B046B0D7E85345C1549868A5 /* AppUpdateController.swift in Sources */,
				FB46D506E8E9001EE1E2DBA9 /* LongTaskStorage.swift in Sources */,
				4C2B1DE1E38CA48BD3F74117 /* SpeechModelStore.swift in Sources */,
				3C4028F6D3C8AA075B6E8DFE /* WhisperModelManager.swift in Sources */,
				6220397FBA4FC12804805232 /* WhisperEngine.swift in Sources */,
				3B718C0775B1F55A9C073364 /* StreamingText.swift in Sources */,
				E5C985F882AEC59FF8166937 /* SherpaOnnxEngine.swift in Sources */,
				0B1DEDA2C8AFC85F9F4F306C /* RecoveryStore.swift in Sources */,
				17D0DD0456E5E3B265D196B3 /* ExportService.swift in Sources */,
				920554758F57010521986D1D /* TranscriptImport.swift in Sources */,
				2A49AF2C392B5552D0DA2CDA /* TranscriptionSessionModel.swift in Sources */,
				AB0C3767C261B40A32B417A1 /* CLIController.swift in Sources */,
				F55D0FF36E2F898D9BB395C1 /* AppleTranslation.swift in Sources */,
				241A6CD74441713CD95F5799 /* NLLBTranslation.swift in Sources */,
				C1A50318C4FB5826F587158E /* NLLBModelManager.swift in Sources */,
				A0106387E7BD68127AD9CC26 /* LiveCaptionController.swift in Sources */,
				152385AAC8DC51060857CEE5 /* RootView.swift in Sources */,
				7DB79933DDED0C34C6394893 /* StartView.swift in Sources */,
				797A8E10976A2B1D12E7EE80 /* TranscriptionView.swift in Sources */,
				62C8AB9E13D7961FAE784F76 /* TranscriptEditingView.swift in Sources */,
				6C3219801D05745FA55C0EF5 /* LiveCaptionPanelView.swift in Sources */,
				2E800F1E7E1E0FA20BE2BEF5 /* SettingsView.swift in Sources */,
			);
			runOnlyForDeploymentPostprocessing = 0;
		};
/* End PBXSourcesBuildPhase section */

/* Begin PBXTargetDependency section */
		45975074498D16F48BF74A50 /* PBXTargetDependency */ = {
			isa = PBXTargetDependency;
			name = LocalScribe;
			target = 1E0B5DBD4D2057F50E1BB5F5 /* LocalScribe */;
			targetProxy = 07AF38D7D77D75DD00C3DAEC /* PBXContainerItemProxy */;
		};
/* End PBXTargetDependency section */

/* Begin PBXVariantGroup section */
		07C9AFFEBB8DC8E5552D3F8E /* InfoPlist.strings */ = {
			isa = PBXVariantGroup;
			children = (
				2C0D75860FEDD9C041C54F7E /* zh-Hans */,
				567572DC2AF8F1BEB9B684BA /* en */,
			);
			name = InfoPlist.strings;
			sourceTree = "<group>";
		};
		DBD4E860FD70E0B56AD14F62 /* Localizable.strings */ = {
			isa = PBXVariantGroup;
			children = (
				E4B1A879F619B7137069EE70 /* zh-Hans */,
				DF84599517F4220E5DF19780 /* en */,
			);
			name = Localizable.strings;
			sourceTree = "<group>";
		};
/* End PBXVariantGroup section */

/* Begin XCBuildConfiguration section */
		26B506977211E07D42B80ADD /* Release */ = {
			isa = XCBuildConfiguration;
			buildSettings = {
				ALWAYS_SEARCH_USER_PATHS = NO;
				CLANG_ANALYZER_NONNULL = YES;
				CLANG_ANALYZER_NUMBER_OBJECT_CONVERSION = YES_AGGRESSIVE;
				CLANG_CXX_LANGUAGE_STANDARD = "gnu++14";
				CLANG_CXX_LIBRARY = "libc++";
				CLANG_ENABLE_MODULES = YES;
				CLANG_ENABLE_OBJC_ARC = YES;
				CLANG_ENABLE_OBJC_WEAK = YES;
				CLANG_WARN_BLOCK_CAPTURE_AUTORELEASING = YES;
				CLANG_WARN_BOOL_CONVERSION = YES;
				CLANG_WARN_COMMA = YES;
				CLANG_WARN_CONSTANT_CONVERSION = YES;
				CLANG_WARN_DEPRECATED_OBJC_IMPLEMENTATIONS = YES;
				CLANG_WARN_DIRECT_OBJC_ISA_USAGE = YES_ERROR;
				CLANG_WARN_DOCUMENTATION_COMMENTS = YES;
				CLANG_WARN_EMPTY_BODY = YES;
				CLANG_WARN_ENUM_CONVERSION = YES;
				CLANG_WARN_INFINITE_RECURSION = YES;
				CLANG_WARN_INT_CONVERSION = YES;
				CLANG_WARN_NON_LITERAL_NULL_CONVERSION = YES;
				CLANG_WARN_OBJC_IMPLICIT_RETAIN_SELF = YES;
				CLANG_WARN_OBJC_LITERAL_CONVERSION = YES;
				CLANG_WARN_OBJC_ROOT_CLASS = YES_ERROR;
				CLANG_WARN_QUOTED_INCLUDE_IN_FRAMEWORK_HEADER = YES;
				CLANG_WARN_RANGE_LOOP_ANALYSIS = YES;
				CLANG_WARN_STRICT_PROTOTYPES = YES;
				CLANG_WARN_SUSPICIOUS_MOVE = YES;
				CLANG_WARN_UNGUARDED_AVAILABILITY = YES_AGGRESSIVE;
				CLANG_WARN_UNREACHABLE_CODE = YES;
				CLANG_WARN__DUPLICATE_METHOD_MATCH = YES;
				COPY_PHASE_STRIP = NO;
				DEBUG_INFORMATION_FORMAT = "dwarf-with-dsym";
				ENABLE_NS_ASSERTIONS = NO;
				ENABLE_STRICT_OBJC_MSGSEND = YES;
				GCC_C_LANGUAGE_STANDARD = gnu11;
				GCC_NO_COMMON_BLOCKS = YES;
				GCC_WARN_64_TO_32_BIT_CONVERSION = YES;
				GCC_WARN_ABOUT_RETURN_TYPE = YES_ERROR;
				GCC_WARN_UNDECLARED_SELECTOR = YES;
				GCC_WARN_UNINITIALIZED_AUTOS = YES_AGGRESSIVE;
				GCC_WARN_UNUSED_FUNCTION = YES;
				GCC_WARN_UNUSED_VARIABLE = YES;
				MACOSX_DEPLOYMENT_TARGET = 15.5;
				MTL_ENABLE_DEBUG_INFO = NO;
				MTL_FAST_MATH = YES;
				PRODUCT_NAME = "$(TARGET_NAME)";
				SWIFT_COMPILATION_MODE = wholemodule;
				SWIFT_OPTIMIZATION_LEVEL = "-O";
				SWIFT_VERSION = 5.0;
			};
			name = Release;
		};
		3DD806F7C3F208296D8E5107 /* Debug */ = {
			isa = XCBuildConfiguration;
			buildSettings = {
				BUNDLE_LOADER = "$(TEST_HOST)";
				CODE_SIGNING_ALLOWED = NO;
				GENERATE_INFOPLIST_FILE = YES;
				HEADER_SEARCH_PATHS = (
					"$(inherited)",
					"$(PROJECT_DIR)/Vendor/WhisperMetal/include",
				);
				LIBRARY_SEARCH_PATHS = (
					"$(inherited)",
					"$(PROJECT_DIR)/Vendor/WhisperMetal/lib",
				);
				MACOSX_DEPLOYMENT_TARGET = 15.5;
				PRODUCT_BUNDLE_IDENTIFIER = ca.lixinchen.localscribe.tests;
				SDKROOT = macosx;
				SWIFT_VERSION = 5.0;
				TEST_HOST = "$(BUILT_PRODUCTS_DIR)/LocalScribe.app/Contents/MacOS/LocalScribe";
			};
			name = Debug;
		};
		8AF19790B7EAAD8D02ECF571 /* Debug */ = {
			isa = XCBuildConfiguration;
			buildSettings = {
				ALWAYS_SEARCH_USER_PATHS = NO;
				CLANG_ANALYZER_NONNULL = YES;
				CLANG_ANALYZER_NUMBER_OBJECT_CONVERSION = YES_AGGRESSIVE;
				CLANG_CXX_LANGUAGE_STANDARD = "gnu++14";
				CLANG_CXX_LIBRARY = "libc++";
				CLANG_ENABLE_MODULES = YES;
				CLANG_ENABLE_OBJC_ARC = YES;
				CLANG_ENABLE_OBJC_WEAK = YES;
				CLANG_WARN_BLOCK_CAPTURE_AUTORELEASING = YES;
				CLANG_WARN_BOOL_CONVERSION = YES;
				CLANG_WARN_COMMA = YES;
				CLANG_WARN_CONSTANT_CONVERSION = YES;
				CLANG_WARN_DEPRECATED_OBJC_IMPLEMENTATIONS = YES;
				CLANG_WARN_DIRECT_OBJC_ISA_USAGE = YES_ERROR;
				CLANG_WARN_DOCUMENTATION_COMMENTS = YES;
				CLANG_WARN_EMPTY_BODY = YES;
				CLANG_WARN_ENUM_CONVERSION = YES;
				CLANG_WARN_INFINITE_RECURSION = YES;
				CLANG_WARN_INT_CONVERSION = YES;
				CLANG_WARN_NON_LITERAL_NULL_CONVERSION = YES;
				CLANG_WARN_OBJC_IMPLICIT_RETAIN_SELF = YES;
				CLANG_WARN_OBJC_LITERAL_CONVERSION = YES;
				CLANG_WARN_OBJC_ROOT_CLASS = YES_ERROR;
				CLANG_WARN_QUOTED_INCLUDE_IN_FRAMEWORK_HEADER = YES;
				CLANG_WARN_RANGE_LOOP_ANALYSIS = YES;
				CLANG_WARN_STRICT_PROTOTYPES = YES;
				CLANG_WARN_SUSPICIOUS_MOVE = YES;
				CLANG_WARN_UNGUARDED_AVAILABILITY = YES_AGGRESSIVE;
				CLANG_WARN_UNREACHABLE_CODE = YES;
				CLANG_WARN__DUPLICATE_METHOD_MATCH = YES;
				COPY_PHASE_STRIP = NO;
				DEBUG_INFORMATION_FORMAT = dwarf;
				ENABLE_STRICT_OBJC_MSGSEND = YES;
				ENABLE_TESTABILITY = YES;
				GCC_C_LANGUAGE_STANDARD = gnu11;
				GCC_DYNAMIC_NO_PIC = NO;
				GCC_NO_COMMON_BLOCKS = YES;
				GCC_OPTIMIZATION_LEVEL = 0;
				GCC_PREPROCESSOR_DEFINITIONS = (
					"DEBUG=1",
					"$(inherited)",
				);
				GCC_WARN_64_TO_32_BIT_CONVERSION = YES;
				GCC_WARN_ABOUT_RETURN_TYPE = YES_ERROR;
				GCC_WARN_UNDECLARED_SELECTOR = YES;
				GCC_WARN_UNINITIALIZED_AUTOS = YES_AGGRESSIVE;
				GCC_WARN_UNUSED_FUNCTION = YES;
				GCC_WARN_UNUSED_VARIABLE = YES;
				MACOSX_DEPLOYMENT_TARGET = 15.5;
				MTL_ENABLE_DEBUG_INFO = INCLUDE_SOURCE;
				MTL_FAST_MATH = YES;
				ONLY_ACTIVE_ARCH = YES;
				PRODUCT_NAME = "$(TARGET_NAME)";
				SWIFT_ACTIVE_COMPILATION_CONDITIONS = DEBUG;
				SWIFT_OPTIMIZATION_LEVEL = "-Onone";
				SWIFT_VERSION = 5.0;
			};
			name = Debug;
		};
		A012A5F3DA64F774B9437102 /* Release */ = {
			isa = XCBuildConfiguration;
			buildSettings = {
				ARCHS = arm64;
				ASSETCATALOG_COMPILER_APPICON_NAME = AppIcon;
				ASSETCATALOG_COMPILER_GLOBAL_ACCENT_COLOR_NAME = AccentColor;
				CODE_SIGN_ENTITLEMENTS = LocalScribe/Resources/LocalScribe.entitlements;
				CODE_SIGN_IDENTITY = "-";
				CODE_SIGN_INJECT_BASE_ENTITLEMENTS = NO;
				CODE_SIGN_STYLE = Automatic;
				COMBINE_HIDPI_IMAGES = YES;
				DEVELOPMENT_TEAM = "";
				ENABLE_APP_SANDBOX = NO;
				ENABLE_HARDENED_RUNTIME = YES;
				ENABLE_USER_SELECTED_FILES = readwrite;
				GENERATE_INFOPLIST_FILE = NO;
				HEADER_SEARCH_PATHS = (
					"$(inherited)",
					"$(PROJECT_DIR)/Vendor/WhisperMetal/include",
				);
				INFOPLIST_FILE = LocalScribe/Resources/Info.plist;
				LD_RUNPATH_SEARCH_PATHS = "$(inherited) @executable_path/../Frameworks";
				LIBRARY_SEARCH_PATHS = (
					"$(inherited)",
					"$(PROJECT_DIR)/Vendor/WhisperMetal/lib",
				);
				MACOSX_DEPLOYMENT_TARGET = 15.5;
				OTHER_LDFLAGS = (
					"$(inherited)",
					"-lc++",
				);
				PRODUCT_BUNDLE_IDENTIFIER = ca.lixinchen.localscribe;
				PRODUCT_NAME = LocalScribe;
				SDKROOT = macosx;
				SWIFT_EMIT_LOC_STRINGS = YES;
				SWIFT_STRICT_CONCURRENCY = targeted;
			};
			name = Release;
		};
		BC3772E01E01811CED47772D /* Release */ = {
			isa = XCBuildConfiguration;
			buildSettings = {
				BUNDLE_LOADER = "$(TEST_HOST)";
				CODE_SIGNING_ALLOWED = NO;
				GENERATE_INFOPLIST_FILE = YES;
				HEADER_SEARCH_PATHS = (
					"$(inherited)",
					"$(PROJECT_DIR)/Vendor/WhisperMetal/include",
				);
				LIBRARY_SEARCH_PATHS = (
					"$(inherited)",
					"$(PROJECT_DIR)/Vendor/WhisperMetal/lib",
				);
				MACOSX_DEPLOYMENT_TARGET = 15.5;
				PRODUCT_BUNDLE_IDENTIFIER = ca.lixinchen.localscribe.tests;
				SDKROOT = macosx;
				SWIFT_VERSION = 5.0;
				TEST_HOST = "$(BUILT_PRODUCTS_DIR)/LocalScribe.app/Contents/MacOS/LocalScribe";
			};
			name = Release;
		};
		DEABA332536791668C7261DF /* Debug */ = {
			isa = XCBuildConfiguration;
			buildSettings = {
				ARCHS = arm64;
				ASSETCATALOG_COMPILER_APPICON_NAME = AppIcon;
				ASSETCATALOG_COMPILER_GLOBAL_ACCENT_COLOR_NAME = AccentColor;
				CODE_SIGN_ENTITLEMENTS = LocalScribe/Resources/LocalScribe.entitlements;
				CODE_SIGN_IDENTITY = "-";
				CODE_SIGN_INJECT_BASE_ENTITLEMENTS = NO;
				CODE_SIGN_STYLE = Automatic;
				COMBINE_HIDPI_IMAGES = YES;
				DEVELOPMENT_TEAM = "";
				ENABLE_APP_SANDBOX = NO;
				ENABLE_HARDENED_RUNTIME = YES;
				ENABLE_USER_SELECTED_FILES = readwrite;
				GENERATE_INFOPLIST_FILE = NO;
				HEADER_SEARCH_PATHS = (
					"$(inherited)",
					"$(PROJECT_DIR)/Vendor/WhisperMetal/include",
				);
				INFOPLIST_FILE = LocalScribe/Resources/Info.plist;
				LD_RUNPATH_SEARCH_PATHS = "$(inherited) @executable_path/../Frameworks";
				LIBRARY_SEARCH_PATHS = (
					"$(inherited)",
					"$(PROJECT_DIR)/Vendor/WhisperMetal/lib",
				);
				MACOSX_DEPLOYMENT_TARGET = 15.5;
				OTHER_LDFLAGS = (
					"$(inherited)",
					"-lc++",
				);
				PRODUCT_BUNDLE_IDENTIFIER = ca.lixinchen.localscribe;
				PRODUCT_NAME = LocalScribe;
				SDKROOT = macosx;
				SWIFT_EMIT_LOC_STRINGS = YES;
				SWIFT_STRICT_CONCURRENCY = targeted;
			};
			name = Debug;
		};
/* End XCBuildConfiguration section */

/* Begin XCConfigurationList section */
		189016E89F10F03844FD5957 /* Build configuration list for PBXProject "LocalScribe" */ = {
			isa = XCConfigurationList;
			buildConfigurations = (
				8AF19790B7EAAD8D02ECF571 /* Debug */,
				26B506977211E07D42B80ADD /* Release */,
			);
			defaultConfigurationIsVisible = 0;
			defaultConfigurationName = Release;
		};
		701C0A74C669D849D77E3F98 /* Build configuration list for PBXNativeTarget "LocalScribeTests" */ = {
			isa = XCConfigurationList;
			buildConfigurations = (
				BC3772E01E01811CED47772D /* Release */,
				3DD806F7C3F208296D8E5107 /* Debug */,
			);
			defaultConfigurationIsVisible = 0;
			defaultConfigurationName = Release;
		};
		CD1DAA737D09C71A92CAB113 /* Build configuration list for PBXNativeTarget "LocalScribe" */ = {
			isa = XCConfigurationList;
			buildConfigurations = (
				A012A5F3DA64F774B9437102 /* Release */,
				DEABA332536791668C7261DF /* Debug */,
			);
			defaultConfigurationIsVisible = 0;
			defaultConfigurationName = Release;
		};
/* End XCConfigurationList section */
	};
	rootObject = E3F588AA326528C9280834AA /* Project object */;
}
